// !$*UTF8*$!
{
	archiveVersion = 1;
	classes = {
	};
	objectVersion = 46;
	objects = {

/* Begin PBXBuildFile section */
		8F569FD71ABA4CD800EE8A46 /* InterfaceController.m in Sources */ = {isa = PBXBuildFile; fileRef = 8F569FD61ABA4CD800EE8A46 /* InterfaceController.m */; };
		8F569FDA1ABA4CD800EE8A46 /* GlanceController.m in Sources */ = {isa = PBXBuildFile; fileRef = 8F569FD91ABA4CD800EE8A46 /* GlanceController.m */; };
		8F569FDC1ABA4CD800EE8A46 /* Watchkit-extension-Images.xcassets in Resources */ = {isa = PBXBuildFile; fileRef = 8F569FDB1ABA4CD800EE8A46 /* Watchkit-extension-Images.xcassets */; };
		8F569FE01ABA4CD800EE8A46 /* Lamp WatchKit App.app in Resources */ = {isa = PBXBuildFile; fileRef = 8F569FDF1ABA4CD800EE8A46 /* Lamp WatchKit App.app */; };
		8F569FE81ABA4CD800EE8A46 /* Interface.storyboard in Resources */ = {isa = PBXBuildFile; fileRef = 8F569FE61ABA4CD800EE8A46 /* Interface.storyboard */; };
		8F569FEA1ABA4CD800EE8A46 /* Watch-Images.xcassets in Resources */ = {isa = PBXBuildFile; fileRef = 8F569FE91ABA4CD800EE8A46 /* Watch-Images.xcassets */; };
		8F569FED1ABA4CD800EE8A46 /* Lamp WatchKit Extension.appex in Embed App Extensions */ = {isa = PBXBuildFile; fileRef = 8F569FD11ABA4CD800EE8A46 /* Lamp WatchKit Extension.appex */; settings = {ATTRIBUTES = (RemoveHeadersOnCopy, ); }; };
		8F5E42AD1AF547DE006957AB /* Phone-Images.xcassets in Resources */ = {isa = PBXBuildFile; fileRef = 8F5E42AC1AF547DE006957AB /* Phone-Images.xcassets */; };
		8F67C51D1AB5EC2700958BDB /* Lamp.storyboard in Resources */ = {isa = PBXBuildFile; fileRef = 8F67C51C1AB5EC2700958BDB /* Lamp.storyboard */; };
		8F8603C11659C5750025A56A /* UIKit.framework in Frameworks */ = {isa = PBXBuildFile; fileRef = 8F8603C01659C5750025A56A /* UIKit.framework */; };
		8F8603C31659C5750025A56A /* Foundation.framework in Frameworks */ = {isa = PBXBuildFile; fileRef = 8F8603C21659C5750025A56A /* Foundation.framework */; };
		8F8603C51659C5750025A56A /* CoreGraphics.framework in Frameworks */ = {isa = PBXBuildFile; fileRef = 8F8603C41659C5750025A56A /* CoreGraphics.framework */; };
		8F8603CB1659C5750025A56A /* InfoPlist.strings in Resources */ = {isa = PBXBuildFile; fileRef = 8F8603C91659C5750025A56A /* InfoPlist.strings */; };
		8F8603CD1659C5750025A56A /* main.m in Sources */ = {isa = PBXBuildFile; fileRef = 8F8603CC1659C5750025A56A /* main.m */; };
		8F8603D11659C5750025A56A /* AppDelegate.m in Sources */ = {isa = PBXBuildFile; fileRef = 8F8603D01659C5750025A56A /* AppDelegate.m */; };
		8F8603DA1659C5750025A56A /* LampViewController.m in Sources */ = {isa = PBXBuildFile; fileRef = 8F8603D91659C5750025A56A /* LampViewController.m */; };
		8F8603EF1659C6310025A56A /* ServiceBase.m in Sources */ = {isa = PBXBuildFile; fileRef = 8F8603EC1659C6310025A56A /* ServiceBase.m */; };
		8F8606211659C8310025A56A /* LampService.m in Sources */ = {isa = PBXBuildFile; fileRef = 8F8606201659C8310025A56A /* LampService.m */; };
		8FC4DFDB197BCF2800E94968 /* NotificationCenter.framework in Frameworks */ = {isa = PBXBuildFile; fileRef = 8FC4DFDA197BCF2800E94968 /* NotificationCenter.framework */; };
		8FC4DFE1197BCF2800E94968 /* QuickLampViewController.m in Sources */ = {isa = PBXBuildFile; fileRef = 8FC4DFE0197BCF2800E94968 /* QuickLampViewController.m */; };
		8FC4DFE3197BCF2800E94968 /* QuickLamp.storyboard in Resources */ = {isa = PBXBuildFile; fileRef = 8FC4DFE2197BCF2800E94968 /* QuickLamp.storyboard */; };
		8FC4DFE6197BCF2800E94968 /* com.petosoft.Lamp.Quick-Lamp.appex in Embed App Extensions */ = {isa = PBXBuildFile; fileRef = 8FC4DFD9197BCF2800E94968 /* com.petosoft.Lamp.Quick-Lamp.appex */; };
		8FC4DFED197BDB3700E94968 /* LampService.m in Sources */ = {isa = PBXBuildFile; fileRef = 8F8606201659C8310025A56A /* LampService.m */; };
		8FC4DFEE197BDB3B00E94968 /* JsonServiceBase.m in Sources */ = {isa = PBXBuildFile; fileRef = 8FFD45561674D55500412104 /* JsonServiceBase.m */; };
		8FC4DFEF197BDB4100E94968 /* ServiceBase.m in Sources */ = {isa = PBXBuildFile; fileRef = 8F8603EC1659C6310025A56A /* ServiceBase.m */; };
		8FE8800A165C60320023B2FB /* QuartzCore.framework in Frameworks */ = {isa = PBXBuildFile; fileRef = 8FE88009165C60320023B2FB /* QuartzCore.framework */; };
		8FFD45571674D55500412104 /* JsonServiceBase.m in Sources */ = {isa = PBXBuildFile; fileRef = 8FFD45561674D55500412104 /* JsonServiceBase.m */; };
/* End PBXBuildFile section */

/* Begin PBXContainerItemProxy section */
		8F569FE11ABA4CD800EE8A46 /* PBXContainerItemProxy */ = {
			isa = PBXContainerItemProxy;
			containerPortal = 8F8603B31659C5750025A56A /* Project object */;
			proxyType = 1;
			remoteGlobalIDString = 8F569FDE1ABA4CD800EE8A46;
			remoteInfo = "Lamp WatchKit App";
		};
		8F569FEB1ABA4CD800EE8A46 /* PBXContainerItemProxy */ = {
			isa = PBXContainerItemProxy;
			containerPortal = 8F8603B31659C5750025A56A /* Project object */;
			proxyType = 1;
			remoteGlobalIDString = 8F569FD01ABA4CD800EE8A46;
			remoteInfo = "Lamp WatchKit Extension";
		};
		8FC4DFE4197BCF2800E94968 /* PBXContainerItemProxy */ = {
			isa = PBXContainerItemProxy;
			containerPortal = 8F8603B31659C5750025A56A /* Project object */;
			proxyType = 1;
			remoteGlobalIDString = 8FC4DFD8197BCF2800E94968;
			remoteInfo = LampToday;
		};
		8FC4DFE7197BCF2800E94968 /* PBXContainerItemProxy */ = {
			isa = PBXContainerItemProxy;
			containerPortal = 8F8603B31659C5750025A56A /* Project object */;
			proxyType = 1;
			remoteGlobalIDString = 8FC4DFD8197BCF2800E94968;
			remoteInfo = LampToday;
		};
/* End PBXContainerItemProxy section */

/* Begin PBXCopyFilesBuildPhase section */
		8FC4DFEC197BCF2800E94968 /* Embed App Extensions */ = {
			isa = PBXCopyFilesBuildPhase;
			buildActionMask = 2147483647;
			dstPath = "";
			dstSubfolderSpec = 13;
			files = (
				8FC4DFE6197BCF2800E94968 /* com.petosoft.Lamp.Quick-Lamp.appex in Embed App Extensions */,
				8F569FED1ABA4CD800EE8A46 /* Lamp WatchKit Extension.appex in Embed App Extensions */,
			);
			name = "Embed App Extensions";
			runOnlyForDeploymentPostprocessing = 0;
		};
/* End PBXCopyFilesBuildPhase section */

/* Begin PBXFileReference section */
		8F569FD11ABA4CD800EE8A46 /* Lamp WatchKit Extension.appex */ = {isa = PBXFileReference; explicitFileType = "wrapper.app-extension"; includeInIndex = 0; path = "Lamp WatchKit Extension.appex"; sourceTree = BUILT_PRODUCTS_DIR; };
		8F569FD41ABA4CD800EE8A46 /* Info.plist */ = {isa = PBXFileReference; lastKnownFileType = text.plist.xml; path = Info.plist; sourceTree = "<group>"; };
		8F569FD51ABA4CD800EE8A46 /* InterfaceController.h */ = {isa = PBXFileReference; lastKnownFileType = sourcecode.c.h; path = InterfaceController.h; sourceTree = "<group>"; };
		8F569FD61ABA4CD800EE8A46 /* InterfaceController.m */ = {isa = PBXFileReference; lastKnownFileType = sourcecode.c.objc; path = InterfaceController.m; sourceTree = "<group>"; };
		8F569FD81ABA4CD800EE8A46 /* GlanceController.h */ = {isa = PBXFileReference; lastKnownFileType = sourcecode.c.h; path = GlanceController.h; sourceTree = "<group>"; };
		8F569FD91ABA4CD800EE8A46 /* GlanceController.m */ = {isa = PBXFileReference; lastKnownFileType = sourcecode.c.objc; path = GlanceController.m; sourceTree = "<group>"; };
		8F569FDB1ABA4CD800EE8A46 /* Watchkit-extension-Images.xcassets */ = {isa = PBXFileReference; lastKnownFileType = folder.assetcatalog; path = "Watchkit-extension-Images.xcassets"; sourceTree = "<group>"; };
		8F569FDF1ABA4CD800EE8A46 /* Lamp WatchKit App.app */ = {isa = PBXFileReference; explicitFileType = wrapper.application; includeInIndex = 0; path = "Lamp WatchKit App.app"; sourceTree = BUILT_PRODUCTS_DIR; };
		8F569FE51ABA4CD800EE8A46 /* Info.plist */ = {isa = PBXFileReference; lastKnownFileType = text.plist.xml; path = Info.plist; sourceTree = "<group>"; };
		8F569FE71ABA4CD800EE8A46 /* Base */ = {isa = PBXFileReference; lastKnownFileType = file.storyboard; name = Base; path = Base.lproj/Interface.storyboard; sourceTree = "<group>"; };
		8F569FE91ABA4CD800EE8A46 /* Watch-Images.xcassets */ = {isa = PBXFileReference; lastKnownFileType = folder.assetcatalog; path = "Watch-Images.xcassets"; sourceTree = "<group>"; };
		8F58CDD41AF8078F0083F44B /* sketch_mar23a.ino */ = {isa = PBXFileReference; lastKnownFileType = text; path = sketch_mar23a.ino; sourceTree = "<group>"; };
		8F58CDD61B016F320083F44B /* sketch_feb1st2015.ino */ = {isa = PBXFileReference; lastKnownFileType = text; path = sketch_feb1st2015.ino; sourceTree = "<group>"; };
		8F5E42AC1AF547DE006957AB /* Phone-Images.xcassets */ = {isa = PBXFileReference; lastKnownFileType = folder.assetcatalog; path = "Phone-Images.xcassets"; sourceTree = "<group>"; };
		8F5E42AE1AF572F4006957AB /* AppIcon.xcf */ = {isa = PBXFileReference; lastKnownFileType = file; path = AppIcon.xcf; sourceTree = "<group>"; };
		8F67C51C1AB5EC2700958BDB /* Lamp.storyboard */ = {isa = PBXFileReference; fileEncoding = 4; lastKnownFileType = file.storyboard; path = Lamp.storyboard; sourceTree = "<group>"; };
		8F8603BC1659C5750025A56A /* Lamp.app */ = {isa = PBXFileReference; explicitFileType = wrapper.application; includeInIndex = 0; path = Lamp.app; sourceTree = BUILT_PRODUCTS_DIR; };
		8F8603C01659C5750025A56A /* UIKit.framework */ = {isa = PBXFileReference; lastKnownFileType = wrapper.framework; name = UIKit.framework; path = System/Library/Frameworks/UIKit.framework; sourceTree = SDKROOT; };
		8F8603C21659C5750025A56A /* Foundation.framework */ = {isa = PBXFileReference; lastKnownFileType = wrapper.framework; name = Foundation.framework; path = System/Library/Frameworks/Foundation.framework; sourceTree = SDKROOT; };
		8F8603C41659C5750025A56A /* CoreGraphics.framework */ = {isa = PBXFileReference; lastKnownFileType = wrapper.framework; name = CoreGraphics.framework; path = System/Library/Frameworks/CoreGraphics.framework; sourceTree = SDKROOT; };
		8F8603C81659C5750025A56A /* Info.plist */ = {isa = PBXFileReference; lastKnownFileType = text.plist.xml; path = Info.plist; sourceTree = "<group>"; };
		8F8603CA1659C5750025A56A /* en */ = {isa = PBXFileReference; lastKnownFileType = text.plist.strings; name = en; path = en.lproj/InfoPlist.strings; sourceTree = "<group>"; };
		8F8603CC1659C5750025A56A /* main.m */ = {isa = PBXFileReference; lastKnownFileType = sourcecode.c.objc; path = main.m; sourceTree = "<group>"; };
		8F8603CE1659C5750025A56A /* Lamp.pch */ = {isa = PBXFileReference; lastKnownFileType = sourcecode.c.h; path = Lamp.pch; sourceTree = "<group>"; };
		8F8603CF1659C5750025A56A /* AppDelegate.h */ = {isa = PBXFileReference; lastKnownFileType = sourcecode.c.h; path = AppDelegate.h; sourceTree = "<group>"; };
		8F8603D01659C5750025A56A /* AppDelegate.m */ = {isa = PBXFileReference; lastKnownFileType = sourcecode.c.objc; path = AppDelegate.m; sourceTree = "<group>"; };
		8F8603D81659C5750025A56A /* LampViewController.h */ = {isa = PBXFileReference; lastKnownFileType = sourcecode.c.h; path = LampViewController.h; sourceTree = "<group>"; };
		8F8603D91659C5750025A56A /* LampViewController.m */ = {isa = PBXFileReference; lastKnownFileType = sourcecode.c.objc; path = LampViewController.m; sourceTree = "<group>"; };
		8F8603EA1659C6310025A56A /* ServiceDelegate.h */ = {isa = PBXFileReference; fileEncoding = 4; lastKnownFileType = sourcecode.c.h; path = ServiceDelegate.h; sourceTree = "<group>"; };
		8F8603EB1659C6310025A56A /* ServiceBase.h */ = {isa = PBXFileReference; fileEncoding = 4; lastKnownFileType = sourcecode.c.h; path = ServiceBase.h; sourceTree = "<group>"; };
		8F8603EC1659C6310025A56A /* ServiceBase.m */ = {isa = PBXFileReference; fileEncoding = 4; lastKnownFileType = sourcecode.c.objc; path = ServiceBase.m; sourceTree = "<group>"; };
		8F86061F1659C8310025A56A /* LampService.h */ = {isa = PBXFileReference; fileEncoding = 4; lastKnownFileType = sourcecode.c.h; path = LampService.h; sourceTree = "<group>"; };
		8F8606201659C8310025A56A /* LampService.m */ = {isa = PBXFileReference; fileEncoding = 4; lastKnownFileType = sourcecode.c.objc; path = LampService.m; sourceTree = "<group>"; };
		8FC4DFD9197BCF2800E94968 /* com.petosoft.Lamp.Quick-Lamp.appex */ = {isa = PBXFileReference; explicitFileType = "wrapper.app-extension"; includeInIndex = 0; path = "com.petosoft.Lamp.Quick-Lamp.appex"; sourceTree = BUILT_PRODUCTS_DIR; };
		8FC4DFDA197BCF2800E94968 /* NotificationCenter.framework */ = {isa = PBXFileReference; lastKnownFileType = wrapper.framework; name = NotificationCenter.framework; path = System/Library/Frameworks/NotificationCenter.framework; sourceTree = SDKROOT; };
		8FC4DFDE197BCF2800E94968 /* Info.plist */ = {isa = PBXFileReference; lastKnownFileType = text.plist.xml; path = Info.plist; sourceTree = "<group>"; };
		8FC4DFDF197BCF2800E94968 /* QuickLampViewController.h */ = {isa = PBXFileReference; lastKnownFileType = sourcecode.c.h; path = QuickLampViewController.h; sourceTree = "<group>"; };
		8FC4DFE0197BCF2800E94968 /* QuickLampViewController.m */ = {isa = PBXFileReference; lastKnownFileType = sourcecode.c.objc; path = QuickLampViewController.m; sourceTree = "<group>"; };
		8FC4DFE2197BCF2800E94968 /* QuickLamp.storyboard */ = {isa = PBXFileReference; lastKnownFileType = file.storyboard; path = QuickLamp.storyboard; sourceTree = "<group>"; };
		8FE88009165C60320023B2FB /* QuartzCore.framework */ = {isa = PBXFileReference; lastKnownFileType = wrapper.framework; name = QuartzCore.framework; path = System/Library/Frameworks/QuartzCore.framework; sourceTree = SDKROOT; };
		8FFD45551674D55500412104 /* JsonServiceBase.h */ = {isa = PBXFileReference; fileEncoding = 4; lastKnownFileType = sourcecode.c.h; path = JsonServiceBase.h; sourceTree = "<group>"; };
		8FFD45561674D55500412104 /* JsonServiceBase.m */ = {isa = PBXFileReference; fileEncoding = 4; lastKnownFileType = sourcecode.c.objc; path = JsonServiceBase.m; sourceTree = "<group>"; };
/* End PBXFileReference section */

/* Begin PBXFrameworksBuildPhase section */
		8F569FCE1ABA4CD800EE8A46 /* Frameworks */ = {
			isa = PBXFrameworksBuildPhase;
			buildActionMask = 2147483647;
			files = (
			);
			runOnlyForDeploymentPostprocessing = 0;
		};
		8F8603B91659C5750025A56A /* Frameworks */ = {
			isa = PBXFrameworksBuildPhase;
			buildActionMask = 2147483647;
			files = (
				8FE8800A165C60320023B2FB /* QuartzCore.framework in Frameworks */,
				8F8603C11659C5750025A56A /* UIKit.framework in Frameworks */,
				8F8603C31659C5750025A56A /* Foundation.framework in Frameworks */,
				8F8603C51659C5750025A56A /* CoreGraphics.framework in Frameworks */,
			);
			runOnlyForDeploymentPostprocessing = 0;
		};
		8FC4DFD6197BCF2800E94968 /* Frameworks */ = {
			isa = PBXFrameworksBuildPhase;
			buildActionMask = 2147483647;
			files = (
				8FC4DFDB197BCF2800E94968 /* NotificationCenter.framework in Frameworks */,
			);
			runOnlyForDeploymentPostprocessing = 0;
		};
/* End PBXFrameworksBuildPhase section */

/* Begin PBXGroup section */
		8F569FD21ABA4CD800EE8A46 /* WatchKit Extension */ = {
			isa = PBXGroup;
			children = (
				8F569FD51ABA4CD800EE8A46 /* InterfaceController.h */,
				8F569FD61ABA4CD800EE8A46 /* InterfaceController.m */,
				8F569FD81ABA4CD800EE8A46 /* GlanceController.h */,
				8F569FD91ABA4CD800EE8A46 /* GlanceController.m */,
			);
			name = "WatchKit Extension";
			path = "Lamp WatchKit Extension";
			sourceTree = SOURCE_ROOT;
		};
		8F569FD31ABA4CD800EE8A46 /* WatchKit Extension Supporting Files */ = {
			isa = PBXGroup;
			children = (
				8F569FDB1ABA4CD800EE8A46 /* Watchkit-extension-Images.xcassets */,
				8F569FD41ABA4CD800EE8A46 /* Info.plist */,
			);
			name = "WatchKit Extension Supporting Files";
			path = "Lamp WatchKit Extension";
			sourceTree = SOURCE_ROOT;
		};
		8F569FE31ABA4CD800EE8A46 /* WatchKit App */ = {
			isa = PBXGroup;
			children = (
				8F569FE61ABA4CD800EE8A46 /* Interface.storyboard */,
			);
			name = "WatchKit App";
			path = "Lamp WatchKit App";
			sourceTree = SOURCE_ROOT;
		};
		8F569FE41ABA4CD800EE8A46 /* WatchKit Supporting Files */ = {
			isa = PBXGroup;
			children = (
				8F569FE91ABA4CD800EE8A46 /* Watch-Images.xcassets */,
				8F569FE51ABA4CD800EE8A46 /* Info.plist */,
			);
			name = "WatchKit Supporting Files";
			path = "Lamp WatchKit App";
			sourceTree = SOURCE_ROOT;
		};
		8F58CDD31AF8078F0083F44B /* sketch_mar23a */ = {
			isa = PBXGroup;
			children = (
				8F58CDD41AF8078F0083F44B /* sketch_mar23a.ino */,
			);
			path = sketch_mar23a;
			sourceTree = "<group>";
		};
		8F58CDD51B016F320083F44B /* sketch_feb1st2015 */ = {
			isa = PBXGroup;
			children = (
				8F58CDD61B016F320083F44B /* sketch_feb1st2015.ino */,
			);
			path = sketch_feb1st2015;
			sourceTree = SOURCE_ROOT;
		};
		8F67C5191AB5EBDA00958BDB /* UI */ = {
			isa = PBXGroup;
			children = (
				8F8603D81659C5750025A56A /* LampViewController.h */,
				8F8603D91659C5750025A56A /* LampViewController.m */,
				8F67C51C1AB5EC2700958BDB /* Lamp.storyboard */,
			);
			name = UI;
			sourceTree = "<group>";
		};
		8F67C51A1AB5EBE000958BDB /* Non UI */ = {
			isa = PBXGroup;
			children = (
				8F8603CF1659C5750025A56A /* AppDelegate.h */,
				8F8603D01659C5750025A56A /* AppDelegate.m */,
				8F86061F1659C8310025A56A /* LampService.h */,
				8F8606201659C8310025A56A /* LampService.m */,
			);
			name = "Non UI";
			sourceTree = "<group>";
		};
		8F67C51B1AB5EBE600958BDB /* Watch */ = {
			isa = PBXGroup;
			children = (
				8F569FE31ABA4CD800EE8A46 /* WatchKit App */,
				8F569FD21ABA4CD800EE8A46 /* WatchKit Extension */,
			);
			name = Watch;
			sourceTree = "<group>";
		};
		8F8603B11659C5750025A56A = {
			isa = PBXGroup;
			children = (
				8F8603C71659C5750025A56A /* Supporting Files */,
				8F8603C61659C5750025A56A /* Lamp */,
			);
			sourceTree = "<group>";
		};
		8F8603BD1659C5750025A56A /* Products */ = {
			isa = PBXGroup;
			children = (
				8F8603BC1659C5750025A56A /* Lamp.app */,
				8FC4DFD9197BCF2800E94968 /* com.petosoft.Lamp.Quick-Lamp.appex */,
				8F569FD11ABA4CD800EE8A46 /* Lamp WatchKit Extension.appex */,
				8F569FDF1ABA4CD800EE8A46 /* Lamp WatchKit App.app */,
			);
			name = Products;
			path = ..;
			sourceTree = "<group>";
		};
		8F8603BF1659C5750025A56A /* Frameworks */ = {
			isa = PBXGroup;
			children = (
				8FE88009165C60320023B2FB /* QuartzCore.framework */,
				8F8603C01659C5750025A56A /* UIKit.framework */,
				8F8603C21659C5750025A56A /* Foundation.framework */,
				8F8603C41659C5750025A56A /* CoreGraphics.framework */,
				8FC4DFDA197BCF2800E94968 /* NotificationCenter.framework */,
			);
			name = Frameworks;
			path = ..;
			sourceTree = "<group>";
		};
		8F8603C61659C5750025A56A /* Lamp */ = {
			isa = PBXGroup;
			children = (
				8FC4DFDC197BCF2800E94968 /* QuickLamp Extension */,
				8F67C51B1AB5EBE600958BDB /* Watch */,
				8F67C51A1AB5EBE000958BDB /* Non UI */,
				8F67C5191AB5EBDA00958BDB /* UI */,
			);
			path = Lamp;
			sourceTree = "<group>";
		};
		8F8603C71659C5750025A56A /* Supporting Files */ = {
			isa = PBXGroup;
			children = (
				8F58CDD51B016F320083F44B /* sketch_feb1st2015 */,
				8F58CDD31AF8078F0083F44B /* sketch_mar23a */,
				8F569FD31ABA4CD800EE8A46 /* WatchKit Extension Supporting Files */,
				8F569FE41ABA4CD800EE8A46 /* WatchKit Supporting Files */,
				8F8603BD1659C5750025A56A /* Products */,
				8FC4DFDD197BCF2800E94968 /* Today extension Supporting Files */,
				8F8603BF1659C5750025A56A /* Frameworks */,
				8F8603C81659C5750025A56A /* Info.plist */,
				8F8603C91659C5750025A56A /* InfoPlist.strings */,
				8F8603CC1659C5750025A56A /* main.m */,
				8F8603CE1659C5750025A56A /* Lamp.pch */,
				8FFD45551674D55500412104 /* JsonServiceBase.h */,
				8FFD45561674D55500412104 /* JsonServiceBase.m */,
				8F8603EB1659C6310025A56A /* ServiceBase.h */,
				8F8603EC1659C6310025A56A /* ServiceBase.m */,
				8F8603EA1659C6310025A56A /* ServiceDelegate.h */,
				8F5E42AE1AF572F4006957AB /* AppIcon.xcf */,
				8F5E42AC1AF547DE006957AB /* Phone-Images.xcassets */,
			);
			name = "Supporting Files";
			path = Lamp;
			sourceTree = "<group>";
		};
		8FC4DFDC197BCF2800E94968 /* QuickLamp Extension */ = {
			isa = PBXGroup;
			children = (
				8FC4DFDF197BCF2800E94968 /* QuickLampViewController.h */,
				8FC4DFE0197BCF2800E94968 /* QuickLampViewController.m */,
				8FC4DFE2197BCF2800E94968 /* QuickLamp.storyboard */,
			);
			name = "QuickLamp Extension";
			path = LampToday;
			sourceTree = SOURCE_ROOT;
		};
		8FC4DFDD197BCF2800E94968 /* Today extension Supporting Files */ = {
			isa = PBXGroup;
			children = (
				8FC4DFDE197BCF2800E94968 /* Info.plist */,
			);
			name = "Today extension Supporting Files";
			path = LampToday;
			sourceTree = SOURCE_ROOT;
		};
/* End PBXGroup section */

/* Begin PBXNativeTarget section */
		8F569FD01ABA4CD800EE8A46 /* Lamp WatchKit Extension */ = {
			isa = PBXNativeTarget;
			buildConfigurationList = 8F569FF31ABA4CD800EE8A46 /* Build configuration list for PBXNativeTarget "Lamp WatchKit Extension" */;
			buildPhases = (
				8F569FCD1ABA4CD800EE8A46 /* Sources */,
				8F569FCE1ABA4CD800EE8A46 /* Frameworks */,
				8F569FCF1ABA4CD800EE8A46 /* Resources */,
			);
			buildRules = (
			);
			dependencies = (
				8F569FE21ABA4CD800EE8A46 /* PBXTargetDependency */,
			);
			name = "Lamp WatchKit Extension";
			productName = "Lamp WatchKit Extension";
			productReference = 8F569FD11ABA4CD800EE8A46 /* Lamp WatchKit Extension.appex */;
			productType = "com.apple.product-type.watchkit-extension";
		};
		8F569FDE1ABA4CD800EE8A46 /* Lamp WatchKit App */ = {
			isa = PBXNativeTarget;
			buildConfigurationList = 8F569FF21ABA4CD800EE8A46 /* Build configuration list for PBXNativeTarget "Lamp WatchKit App" */;
			buildPhases = (
				8F569FDD1ABA4CD800EE8A46 /* Resources */,
			);
			buildRules = (
			);
			dependencies = (
			);
			name = "Lamp WatchKit App";
			productName = "Lamp WatchKit App";
			productReference = 8F569FDF1ABA4CD800EE8A46 /* Lamp WatchKit App.app */;
			productType = "com.apple.product-type.application.watchapp";
		};
		8F8603BB1659C5750025A56A /* Lamp */ = {
			isa = PBXNativeTarget;
			buildConfigurationList = 8F8603E31659C5750025A56A /* Build configuration list for PBXNativeTarget "Lamp" */;
			buildPhases = (
				8F8603B81659C5750025A56A /* Sources */,
				8F8603B91659C5750025A56A /* Frameworks */,
				8F8603BA1659C5750025A56A /* Resources */,
				8FC4DFEC197BCF2800E94968 /* Embed App Extensions */,
			);
			buildRules = (
			);
			dependencies = (
				8FC4DFE5197BCF2800E94968 /* PBXTargetDependency */,
				8FC4DFE8197BCF2800E94968 /* PBXTargetDependency */,
				8F569FEC1ABA4CD800EE8A46 /* PBXTargetDependency */,
			);
			name = Lamp;
			productName = Lamp;
			productReference = 8F8603BC1659C5750025A56A /* Lamp.app */;
			productType = "com.apple.product-type.application";
		};
		8FC4DFD8197BCF2800E94968 /* Quick Lamp */ = {
			isa = PBXNativeTarget;
			buildConfigurationList = 8FC4DFEB197BCF2800E94968 /* Build configuration list for PBXNativeTarget "Quick Lamp" */;
			buildPhases = (
				8FC4DFD5197BCF2800E94968 /* Sources */,
				8FC4DFD6197BCF2800E94968 /* Frameworks */,
				8FC4DFD7197BCF2800E94968 /* Resources */,
			);
			buildRules = (
			);
			dependencies = (
			);
			name = "Quick Lamp";
			productName = LampToday;
			productReference = 8FC4DFD9197BCF2800E94968 /* com.petosoft.Lamp.Quick-Lamp.appex */;
			productType = "com.apple.product-type.app-extension";
		};
/* End PBXNativeTarget section */

/* Begin PBXProject section */
		8F8603B31659C5750025A56A /* Project object */ = {
			isa = PBXProject;
			attributes = {
				LastUpgradeCheck = 0450;
				ORGANIZATIONNAME = "Carl Peto";
				TargetAttributes = {
					8F569FD01ABA4CD800EE8A46 = {
						CreatedOnToolsVersion = 6.3;
						DevelopmentTeam = SWDC5K54B7;
					};
					8F569FDE1ABA4CD800EE8A46 = {
						CreatedOnToolsVersion = 6.3;
						DevelopmentTeam = SWDC5K54B7;
					};
					8F8603BB1659C5750025A56A = {
						DevelopmentTeam = SWDC5K54B7;
					};
					8FC4DFD8197BCF2800E94968 = {
						CreatedOnToolsVersion = 6.0;
						DevelopmentTeam = SWDC5K54B7;
					};
				};
			};
			buildConfigurationList = 8F8603B61659C5750025A56A /* Build configuration list for PBXProject "Lamp" */;
			compatibilityVersion = "Xcode 3.2";
			developmentRegion = English;
			hasScannedForEncodings = 0;
			knownRegions = (
				en,
				de,
				Base,
			);
			mainGroup = 8F8603B11659C5750025A56A;
			productRefGroup = 8F8603BD1659C5750025A56A /* Products */;
			projectDirPath = "";
			projectRoot = "";
			targets = (
				8F8603BB1659C5750025A56A /* Lamp */,
				8FC4DFD8197BCF2800E94968 /* Quick Lamp */,
				8F569FD01ABA4CD800EE8A46 /* Lamp WatchKit Extension */,
				8F569FDE1ABA4CD800EE8A46 /* Lamp WatchKit App */,
			);
		};
/* End PBXProject section */

/* Begin PBXResourcesBuildPhase section */
		8F569FCF1ABA4CD800EE8A46 /* Resources */ = {
			isa = PBXResourcesBuildPhase;
			buildActionMask = 2147483647;
			files = (
				8F569FE01ABA4CD800EE8A46 /* Lamp WatchKit App.app in Resources */,
				8F569FDC1ABA4CD800EE8A46 /* Watchkit-extension-Images.xcassets in Resources */,
			);
			runOnlyForDeploymentPostprocessing = 0;
		};
		8F569FDD1ABA4CD800EE8A46 /* Resources */ = {
			isa = PBXResourcesBuildPhase;
			buildActionMask = 2147483647;
			files = (
				8F569FE81ABA4CD800EE8A46 /* Interface.storyboard in Resources */,
				8F569FEA1ABA4CD800EE8A46 /* Watch-Images.xcassets in Resources */,
			);
			runOnlyForDeploymentPostprocessing = 0;
		};
		8F8603BA1659C5750025A56A /* Resources */ = {
			isa = PBXResourcesBuildPhase;
			buildActionMask = 2147483647;
			files = (
				8F8603CB1659C5750025A56A /* InfoPlist.strings in Resources */,
				8F5E42AD1AF547DE006957AB /* Phone-Images.xcassets in Resources */,
				8F67C51D1AB5EC2700958BDB /* Lamp.storyboard in Resources */,
			);
			runOnlyForDeploymentPostprocessing = 0;
		};
		8FC4DFD7197BCF2800E94968 /* Resources */ = {
			isa = PBXResourcesBuildPhase;
			buildActionMask = 2147483647;
			files = (
				8FC4DFE3197BCF2800E94968 /* QuickLamp.storyboard in Resources */,
			);
			runOnlyForDeploymentPostprocessing = 0;
		};
/* End PBXResourcesBuildPhase section */

/* Begin PBXSourcesBuildPhase section */
		8F569FCD1ABA4CD800EE8A46 /* Sources */ = {
			isa = PBXSourcesBuildPhase;
			buildActionMask = 2147483647;
			files = (
				8F569FD71ABA4CD800EE8A46 /* InterfaceController.m in Sources */,
				8F569FDA1ABA4CD800EE8A46 /* GlanceController.m in Sources */,
			);
			runOnlyForDeploymentPostprocessing = 0;
		};
		8F8603B81659C5750025A56A /* Sources */ = {
			isa = PBXSourcesBuildPhase;
			buildActionMask = 2147483647;
			files = (
				8F8603CD1659C5750025A56A /* main.m in Sources */,
				8F8603D11659C5750025A56A /* AppDelegate.m in Sources */,
				8F8603DA1659C5750025A56A /* LampViewController.m in Sources */,
				8F8603EF1659C6310025A56A /* ServiceBase.m in Sources */,
				8F8606211659C8310025A56A /* LampService.m in Sources */,
				8FFD45571674D55500412104 /* JsonServiceBase.m in Sources */,
			);
			runOnlyForDeploymentPostprocessing = 0;
		};
		8FC4DFD5197BCF2800E94968 /* Sources */ = {
			isa = PBXSourcesBuildPhase;
			buildActionMask = 2147483647;
			files = (
				8FC4DFEF197BDB4100E94968 /* ServiceBase.m in Sources */,
				8FC4DFE1197BCF2800E94968 /* QuickLampViewController.m in Sources */,
				8FC4DFED197BDB3700E94968 /* LampService.m in Sources */,
				8FC4DFEE197BDB3B00E94968 /* JsonServiceBase.m in Sources */,
			);
			runOnlyForDeploymentPostprocessing = 0;
		};
/* End PBXSourcesBuildPhase section */

/* Begin PBXTargetDependency section */
		8F569FE21ABA4CD800EE8A46 /* PBXTargetDependency */ = {
			isa = PBXTargetDependency;
			target = 8F569FDE1ABA4CD800EE8A46 /* Lamp WatchKit App */;
			targetProxy = 8F569FE11ABA4CD800EE8A46 /* PBXContainerItemProxy */;
		};
		8F569FEC1ABA4CD800EE8A46 /* PBXTargetDependency */ = {
			isa = PBXTargetDependency;
			target = 8F569FD01ABA4CD800EE8A46 /* Lamp WatchKit Extension */;
			targetProxy = 8F569FEB1ABA4CD800EE8A46 /* PBXContainerItemProxy */;
		};
		8FC4DFE5197BCF2800E94968 /* PBXTargetDependency */ = {
			isa = PBXTargetDependency;
			target = 8FC4DFD8197BCF2800E94968 /* Quick Lamp */;
			targetProxy = 8FC4DFE4197BCF2800E94968 /* PBXContainerItemProxy */;
		};
		8FC4DFE8197BCF2800E94968 /* PBXTargetDependency */ = {
			isa = PBXTargetDependency;
			target = 8FC4DFD8197BCF2800E94968 /* Quick Lamp */;
			targetProxy = 8FC4DFE7197BCF2800E94968 /* PBXContainerItemProxy */;
		};
/* End PBXTargetDependency section */

/* Begin PBXVariantGroup section */
		8F569FE61ABA4CD800EE8A46 /* Interface.storyboard */ = {
			isa = PBXVariantGroup;
			children = (
				8F569FE71ABA4CD800EE8A46 /* Base */,
			);
			name = Interface.storyboard;
			sourceTree = "<group>";
		};
		8F8603C91659C5750025A56A /* InfoPlist.strings */ = {
			isa = PBXVariantGroup;
			children = (
				8F8603CA1659C5750025A56A /* en */,
			);
			name = InfoPlist.strings;
			sourceTree = "<group>";
		};
/* End PBXVariantGroup section */

/* Begin XCBuildConfiguration section */
		8F569FEE1ABA4CD800EE8A46 /* Debug */ = {
			isa = XCBuildConfiguration;
			buildSettings = {
				CLANG_ENABLE_MODULES = YES;
				CLANG_WARN_BOOL_CONVERSION = YES;
				CLANG_WARN_CONSTANT_CONVERSION = YES;
				CLANG_WARN_DIRECT_OBJC_ISA_USAGE = YES_ERROR;
				CLANG_WARN_ENUM_CONVERSION = YES;
				CLANG_WARN_INT_CONVERSION = YES;
				CLANG_WARN_OBJC_ROOT_CLASS = YES_ERROR;
				CLANG_WARN_UNREACHABLE_CODE = YES;
				CODE_SIGN_IDENTITY = "iPhone Developer";
				"CODE_SIGN_IDENTITY[sdk=iphoneos*]" = "iPhone Developer";
				DEBUG_INFORMATION_FORMAT = "dwarf-with-dsym";
				ENABLE_STRICT_OBJC_MSGSEND = YES;
				GCC_NO_COMMON_BLOCKS = YES;
				GCC_PREPROCESSOR_DEFINITIONS = (
					"DEBUG=1",
					"$(inherited)",
				);
				GCC_WARN_64_TO_32_BIT_CONVERSION = YES;
				GCC_WARN_ABOUT_RETURN_TYPE = YES_ERROR;
				GCC_WARN_UNDECLARED_SELECTOR = YES;
				GCC_WARN_UNINITIALIZED_AUTOS = YES_AGGRESSIVE;
				GCC_WARN_UNUSED_FUNCTION = YES;
				INFOPLIST_FILE = "Lamp WatchKit Extension/Info.plist";
				IPHONEOS_DEPLOYMENT_TARGET = 8.2;
				LD_RUNPATH_SEARCH_PATHS = "$(inherited) @executable_path/Frameworks @executable_path/../../Frameworks";
				MTL_ENABLE_DEBUG_INFO = YES;
				PRODUCT_NAME = "${TARGET_NAME}";
				SKIP_INSTALL = YES;
			};
			name = Debug;
		};
		8F569FEF1ABA4CD800EE8A46 /* Release */ = {
			isa = XCBuildConfiguration;
			buildSettings = {
				CLANG_ENABLE_MODULES = YES;
				CLANG_WARN_BOOL_CONVERSION = YES;
				CLANG_WARN_CONSTANT_CONVERSION = YES;
				CLANG_WARN_DIRECT_OBJC_ISA_USAGE = YES_ERROR;
				CLANG_WARN_ENUM_CONVERSION = YES;
				CLANG_WARN_INT_CONVERSION = YES;
				CLANG_WARN_OBJC_ROOT_CLASS = YES_ERROR;
				CLANG_WARN_UNREACHABLE_CODE = YES;
				CODE_SIGN_IDENTITY = "iPhone Developer";
				"CODE_SIGN_IDENTITY[sdk=iphoneos*]" = "iPhone Developer";
				COPY_PHASE_STRIP = NO;
				DEBUG_INFORMATION_FORMAT = "dwarf-with-dsym";
				ENABLE_NS_ASSERTIONS = NO;
				ENABLE_STRICT_OBJC_MSGSEND = YES;
				GCC_NO_COMMON_BLOCKS = YES;
				GCC_WARN_64_TO_32_BIT_CONVERSION = YES;
				GCC_WARN_ABOUT_RETURN_TYPE = YES_ERROR;
				GCC_WARN_UNDECLARED_SELECTOR = YES;
				GCC_WARN_UNINITIALIZED_AUTOS = YES_AGGRESSIVE;
				GCC_WARN_UNUSED_FUNCTION = YES;
				INFOPLIST_FILE = "Lamp WatchKit Extension/Info.plist";
				IPHONEOS_DEPLOYMENT_TARGET = 8.2;
				LD_RUNPATH_SEARCH_PATHS = "$(inherited) @executable_path/Frameworks @executable_path/../../Frameworks";
				MTL_ENABLE_DEBUG_INFO = NO;
				PRODUCT_NAME = "${TARGET_NAME}";
				SKIP_INSTALL = YES;
			};
			name = Release;
		};
		8F569FF01ABA4CD800EE8A46 /* Debug */ = {
			isa = XCBuildConfiguration;
			buildSettings = {
				ASSETCATALOG_COMPILER_APPICON_NAME = AppIcon;
				CLANG_ENABLE_MODULES = YES;
				CLANG_WARN_BOOL_CONVERSION = YES;
				CLANG_WARN_CONSTANT_CONVERSION = YES;
				CLANG_WARN_DIRECT_OBJC_ISA_USAGE = YES_ERROR;
				CLANG_WARN_ENUM_CONVERSION = YES;
				CLANG_WARN_INT_CONVERSION = YES;
				CLANG_WARN_OBJC_ROOT_CLASS = YES_ERROR;
				CLANG_WARN_UNREACHABLE_CODE = YES;
				CODE_SIGN_IDENTITY = "iPhone Developer";
				"CODE_SIGN_IDENTITY[sdk=iphoneos*]" = "iPhone Developer";
				DEBUG_INFORMATION_FORMAT = "dwarf-with-dsym";
				ENABLE_STRICT_OBJC_MSGSEND = YES;
				GCC_NO_COMMON_BLOCKS = YES;
				GCC_PREPROCESSOR_DEFINITIONS = (
					"DEBUG=1",
					"$(inherited)",
				);
				GCC_WARN_64_TO_32_BIT_CONVERSION = YES;
				GCC_WARN_ABOUT_RETURN_TYPE = YES_ERROR;
				GCC_WARN_UNDECLARED_SELECTOR = YES;
				GCC_WARN_UNINITIALIZED_AUTOS = YES_AGGRESSIVE;
				GCC_WARN_UNUSED_FUNCTION = YES;
				IBSC_MODULE = Lamp_WatchKit_Extension;
				INFOPLIST_FILE = "Lamp WatchKit App/Info.plist";
				IPHONEOS_DEPLOYMENT_TARGET = 8.2;
				MTL_ENABLE_DEBUG_INFO = YES;
				PRODUCT_NAME = "$(TARGET_NAME)";
				PROVISIONING_PROFILE = "";
				SKIP_INSTALL = YES;
				TARGETED_DEVICE_FAMILY = 4;
				"TARGETED_DEVICE_FAMILY[sdk=iphonesimulator*]" = "1,4";
			};
			name = Debug;
		};
		8F569FF11ABA4CD800EE8A46 /* Release */ = {
			isa = XCBuildConfiguration;
			buildSettings = {
				ASSETCATALOG_COMPILER_APPICON_NAME = AppIcon;
				CLANG_ENABLE_MODULES = YES;
				CLANG_WARN_BOOL_CONVERSION = YES;
				CLANG_WARN_CONSTANT_CONVERSION = YES;
				CLANG_WARN_DIRECT_OBJC_ISA_USAGE = YES_ERROR;
				CLANG_WARN_ENUM_CONVERSION = YES;
				CLANG_WARN_INT_CONVERSION = YES;
				CLANG_WARN_OBJC_ROOT_CLASS = YES_ERROR;
				CLANG_WARN_UNREACHABLE_CODE = YES;
				CODE_SIGN_IDENTITY = "iPhone Developer";
				"CODE_SIGN_IDENTITY[sdk=iphoneos*]" = "iPhone Developer";
				COPY_PHASE_STRIP = NO;
				DEBUG_INFORMATION_FORMAT = "dwarf-with-dsym";
				ENABLE_NS_ASSERTIONS = NO;
				ENABLE_STRICT_OBJC_MSGSEND = YES;
				GCC_NO_COMMON_BLOCKS = YES;
				GCC_WARN_64_TO_32_BIT_CONVERSION = YES;
				GCC_WARN_ABOUT_RETURN_TYPE = YES_ERROR;
				GCC_WARN_UNDECLARED_SELECTOR = YES;
				GCC_WARN_UNINITIALIZED_AUTOS = YES_AGGRESSIVE;
				GCC_WARN_UNUSED_FUNCTION = YES;
				IBSC_MODULE = Lamp_WatchKit_Extension;
				INFOPLIST_FILE = "Lamp WatchKit App/Info.plist";
				IPHONEOS_DEPLOYMENT_TARGET = 8.2;
				MTL_ENABLE_DEBUG_INFO = NO;
				PRODUCT_NAME = "$(TARGET_NAME)";
				PROVISIONING_PROFILE = "";
				SKIP_INSTALL = YES;
				TARGETED_DEVICE_FAMILY = 4;
				"TARGETED_DEVICE_FAMILY[sdk=iphonesimulator*]" = "1,4";
			};
			name = Release;
		};
		8F8603E11659C5750025A56A /* Debug */ = {
			isa = XCBuildConfiguration;
			buildSettings = {
				ALWAYS_SEARCH_USER_PATHS = NO;
				CLANG_CXX_LANGUAGE_STANDARD = "gnu++0x";
				CLANG_CXX_LIBRARY = "libc++";
				CLANG_ENABLE_OBJC_ARC = YES;
				CLANG_WARN_EMPTY_BODY = YES;
				CLANG_WARN__DUPLICATE_METHOD_MATCH = YES;
				"CODE_SIGN_IDENTITY[sdk=iphoneos*]" = "iPhone Developer";
				COPY_PHASE_STRIP = NO;
				GCC_C_LANGUAGE_STANDARD = gnu99;
				GCC_DYNAMIC_NO_PIC = NO;
				GCC_OPTIMIZATION_LEVEL = 0;
				GCC_PREFIX_HEADER = Lamp/Lamp.pch;
				GCC_PREPROCESSOR_DEFINITIONS = (
					"DEBUG=1",
					"$(inherited)",
				);
				GCC_SYMBOLS_PRIVATE_EXTERN = NO;
				GCC_WARN_ABOUT_RETURN_TYPE = YES;
				GCC_WARN_UNINITIALIZED_AUTOS = YES;
				GCC_WARN_UNUSED_VARIABLE = YES;
				IPHONEOS_DEPLOYMENT_TARGET = 8.0;
				ONLY_ACTIVE_ARCH = YES;
				SDKROOT = iphoneos;
				TARGETED_DEVICE_FAMILY = "1,2";
			};
			name = Debug;
		};
		8F8603E21659C5750025A56A /* Release */ = {
			isa = XCBuildConfiguration;
			buildSettings = {
				ALWAYS_SEARCH_USER_PATHS = NO;
				CLANG_CXX_LANGUAGE_STANDARD = "gnu++0x";
				CLANG_CXX_LIBRARY = "libc++";
				CLANG_ENABLE_OBJC_ARC = YES;
				CLANG_WARN_EMPTY_BODY = YES;
				CLANG_WARN__DUPLICATE_METHOD_MATCH = YES;
				"CODE_SIGN_IDENTITY[sdk=iphoneos*]" = "iPhone Developer";
				COPY_PHASE_STRIP = YES;
				GCC_C_LANGUAGE_STANDARD = gnu99;
				GCC_PREFIX_HEADER = Lamp/Lamp.pch;
				GCC_WARN_ABOUT_RETURN_TYPE = YES;
				GCC_WARN_UNINITIALIZED_AUTOS = YES;
				GCC_WARN_UNUSED_VARIABLE = YES;
				IPHONEOS_DEPLOYMENT_TARGET = 8.0;
				OTHER_CFLAGS = "-DNS_BLOCK_ASSERTIONS=1";
				SDKROOT = iphoneos;
				TARGETED_DEVICE_FAMILY = "1,2";
				VALIDATE_PRODUCT = YES;
			};
			name = Release;
		};
		8F8603E41659C5750025A56A /* Debug */ = {
			isa = XCBuildConfiguration;
			buildSettings = {
				ASSETCATALOG_COMPILER_APPICON_NAME = AppIcon;
				ASSETCATALOG_COMPILER_LAUNCHIMAGE_NAME = LaunchImage;
				CODE_SIGN_IDENTITY = "iPhone Developer";
				"CODE_SIGN_IDENTITY[sdk=iphoneos*]" = "iPhone Developer";
				GCC_PRECOMPILE_PREFIX_HEADER = YES;
				INFOPLIST_FILE = Lamp/Info.plist;
				PRODUCT_NAME = "$(TARGET_NAME)";
				PROVISIONING_PROFILE = "";
				WRAPPER_EXTENSION = app;
			};
			name = Debug;
		};
		8F8603E51659C5750025A56A /* Release */ = {
			isa = XCBuildConfiguration;
			buildSettings = {
				ASSETCATALOG_COMPILER_APPICON_NAME = AppIcon;
				ASSETCATALOG_COMPILER_LAUNCHIMAGE_NAME = LaunchImage;
				CODE_SIGN_IDENTITY = "iPhone Developer";
				"CODE_SIGN_IDENTITY[sdk=iphoneos*]" = "iPhone Developer";
				GCC_PRECOMPILE_PREFIX_HEADER = YES;
				INFOPLIST_FILE = Lamp/Info.plist;
				PRODUCT_NAME = "$(TARGET_NAME)";
				PROVISIONING_PROFILE = "";
				WRAPPER_EXTENSION = app;
			};
			name = Release;
		};
		8FC4DFE9197BCF2800E94968 /* Debug */ = {
			isa = XCBuildConfiguration;
			buildSettings = {
				CLANG_ENABLE_MODULES = YES;
				CLANG_WARN_BOOL_CONVERSION = YES;
				CLANG_WARN_CONSTANT_CONVERSION = YES;
				CLANG_WARN_DIRECT_OBJC_ISA_USAGE = YES_ERROR;
				CLANG_WARN_ENUM_CONVERSION = YES;
				CLANG_WARN_INT_CONVERSION = YES;
				CLANG_WARN_OBJC_ROOT_CLASS = YES_ERROR;
				CLANG_WARN_UNREACHABLE_CODE = YES;
				CODE_SIGN_IDENTITY = "iPhone Developer";
				"CODE_SIGN_IDENTITY[sdk=iphoneos*]" = "iPhone Developer";
				ENABLE_STRICT_OBJC_MSGSEND = YES;
				GCC_PREPROCESSOR_DEFINITIONS = (
					"$(inherited)",
					"SUPPRESS_NETWORK_ACTIVITY_INDICATOR=1",
				);
				GCC_WARN_64_TO_32_BIT_CONVERSION = YES;
				GCC_WARN_ABOUT_RETURN_TYPE = YES_ERROR;
				GCC_WARN_UNDECLARED_SELECTOR = YES;
				GCC_WARN_UNINITIALIZED_AUTOS = YES_AGGRESSIVE;
				GCC_WARN_UNUSED_FUNCTION = YES;
				INFOPLIST_FILE = LampToday/Info.plist;
				IPHONEOS_DEPLOYMENT_TARGET = 8.0;
				LD_RUNPATH_SEARCH_PATHS = "$(inherited) @executable_path/Frameworks @executable_path/../../Frameworks";
				METAL_ENABLE_DEBUG_INFO = YES;
				PRODUCT_NAME = "com.petosoft.Lamp.$(TARGET_NAME:rfc1034identifier)";
				PROVISIONING_PROFILE = "";
				SKIP_INSTALL = YES;
			};
			name = Debug;
		};
		8FC4DFEA197BCF2800E94968 /* Release */ = {
			isa = XCBuildConfiguration;
			buildSettings = {
				CLANG_ENABLE_MODULES = YES;
				CLANG_WARN_BOOL_CONVERSION = YES;
				CLANG_WARN_CONSTANT_CONVERSION = YES;
				CLANG_WARN_DIRECT_OBJC_ISA_USAGE = YES_ERROR;
				CLANG_WARN_ENUM_CONVERSION = YES;
				CLANG_WARN_INT_CONVERSION = YES;
				CLANG_WARN_OBJC_ROOT_CLASS = YES_ERROR;
				CLANG_WARN_UNREACHABLE_CODE = YES;
				CODE_SIGN_IDENTITY = "iPhone Developer";
				"CODE_SIGN_IDENTITY[sdk=iphoneos*]" = "iPhone Developer";
				ENABLE_NS_ASSERTIONS = NO;
				ENABLE_STRICT_OBJC_MSGSEND = YES;
				GCC_PREPROCESSOR_DEFINITIONS = (
					"$(inherited)",
					"SUPPRESS_NETWORK_ACTIVITY_INDICATOR=1",
				);
				GCC_WARN_64_TO_32_BIT_CONVERSION = YES;
				GCC_WARN_ABOUT_RETURN_TYPE = YES_ERROR;
				GCC_WARN_UNDECLARED_SELECTOR = YES;
				GCC_WARN_UNINITIALIZED_AUTOS = YES_AGGRESSIVE;
				GCC_WARN_UNUSED_FUNCTION = YES;
				INFOPLIST_FILE = LampToday/Info.plist;
				IPHONEOS_DEPLOYMENT_TARGET = 8.0;
				LD_RUNPATH_SEARCH_PATHS = "$(inherited) @executable_path/Frameworks @executable_path/../../Frameworks";
				METAL_ENABLE_DEBUG_INFO = NO;
				PRODUCT_NAME = "com.petosoft.Lamp.$(TARGET_NAME:rfc1034identifier)";
				PROVISIONING_PROFILE = "";
				SKIP_INSTALL = YES;
			};
			name = Release;
		};
/* End XCBuildConfiguration section */

/* Begin XCConfigurationList section */
		8F569FF21ABA4CD800EE8A46 /* Build configuration list for PBXNativeTarget "Lamp WatchKit App" */ = {
			isa = XCConfigurationList;
			buildConfigurations = (
				8F569FF01ABA4CD800EE8A46 /* Debug */,
				8F569FF11ABA4CD800EE8A46 /* Release */,
			);
			defaultConfigurationIsVisible = 0;
			defaultConfigurationName = Release;
		};
		8F569FF31ABA4CD800EE8A46 /* Build configuration list for PBXNativeTarget "Lamp WatchKit Extension" */ = {
			isa = XCConfigurationList;
			buildConfigurations = (
				8F569FEE1ABA4CD800EE8A46 /* Debug */,
				8F569FEF1ABA4CD800EE8A46 /* Release */,
			);
			defaultConfigurationIsVisible = 0;
			defaultConfigurationName = Release;
		};
		8F8603B61659C5750025A56A /* Build configuration list for PBXProject "Lamp" */ = {
			isa = XCConfigurationList;
			buildConfigurations = (
				8F8603E11659C5750025A56A /* Debug */,
				8F8603E21659C5750025A56A /* Release */,
			);
			defaultConfigurationIsVisible = 0;
			defaultConfigurationName = Release;
		};
		8F8603E31659C5750025A56A /* Build configuration list for PBXNativeTarget "Lamp" */ = {
			isa = XCConfigurationList;
			buildConfigurations = (
				8F8603E41659C5750025A56A /* Debug */,
				8F8603E51659C5750025A56A /* Release */,
			);
			defaultConfigurationIsVisible = 0;
			defaultConfigurationName = Release;
		};
		8FC4DFEB197BCF2800E94968 /* Build configuration list for PBXNativeTarget "Quick Lamp" */ = {
			isa = XCConfigurationList;
			buildConfigurations = (
				8FC4DFE9197BCF2800E94968 /* Debug */,
				8FC4DFEA197BCF2800E94968 /* Release */,
			);
			defaultConfigurationIsVisible = 0;
			defaultConfigurationName = Release;
		};
/* End XCConfigurationList section */
	};
	rootObject = 8F8603B31659C5750025A56A /* Project object */;
}
