// !$*UTF8*$!
{
	archiveVersion = 1;
	classes = {
	};
	objectVersion = 46;
	objects = {

/* Begin PBXBuildFile section */
		8F8603C11659C5750025A56A /* UIKit.framework in Frameworks */ = {isa = PBXBuildFile; fileRef = 8F8603C01659C5750025A56A /* UIKit.framework */; };
		8F8603C31659C5750025A56A /* Foundation.framework in Frameworks */ = {isa = PBXBuildFile; fileRef = 8F8603C21659C5750025A56A /* Foundation.framework */; };
		8F8603C51659C5750025A56A /* CoreGraphics.framework in Frameworks */ = {isa = PBXBuildFile; fileRef = 8F8603C41659C5750025A56A /* CoreGraphics.framework */; };
		8F8603CB1659C5750025A56A /* InfoPlist.strings in Resources */ = {isa = PBXBuildFile; fileRef = 8F8603C91659C5750025A56A /* InfoPlist.strings */; };
		8F8603CD1659C5750025A56A /* main.m in Sources */ = {isa = PBXBuildFile; fileRef = 8F8603CC1659C5750025A56A /* main.m */; };
		8F8603D11659C5750025A56A /* AppDelegate.m in Sources */ = {isa = PBXBuildFile; fileRef = 8F8603D01659C5750025A56A /* AppDelegate.m */; };
		8F8603D31659C5750025A56A /* Default.png in Resources */ = {isa = PBXBuildFile; fileRef = 8F8603D21659C5750025A56A /* Default.png */; };
		8F8603D51659C5750025A56A /* Default@2x.png in Resources */ = {isa = PBXBuildFile; fileRef = 8F8603D41659C5750025A56A /* Default@2x.png */; };
		8F8603D71659C5750025A56A /* Default-568h@2x.png in Resources */ = {isa = PBXBuildFile; fileRef = 8F8603D61659C5750025A56A /* Default-568h@2x.png */; };
		8F8603DA1659C5750025A56A /* ViewController.m in Sources */ = {isa = PBXBuildFile; fileRef = 8F8603D91659C5750025A56A /* ViewController.m */; };
		8F8603DD1659C5750025A56A /* ViewController_iPhone.xib in Resources */ = {isa = PBXBuildFile; fileRef = 8F8603DB1659C5750025A56A /* ViewController_iPhone.xib */; };
		8F8603E01659C5750025A56A /* ViewController_iPad.xib in Resources */ = {isa = PBXBuildFile; fileRef = 8F8603DE1659C5750025A56A /* ViewController_iPad.xib */; };
		8F8603EF1659C6310025A56A /* ServiceBase.m in Sources */ = {isa = PBXBuildFile; fileRef = 8F8603EC1659C6310025A56A /* ServiceBase.m */; };
		8F8603F41659C6890025A56A /* NSData+Base64.m in Sources */ = {isa = PBXBuildFile; fileRef = 8F8603F31659C6890025A56A /* NSData+Base64.m */; };
		8F8606211659C8310025A56A /* LampService.m in Sources */ = {isa = PBXBuildFile; fileRef = 8F8606201659C8310025A56A /* LampService.m */; };
		8F8606271659CC690025A56A /* ilovelamp_fullpic_artwork.png in Resources */ = {isa = PBXBuildFile; fileRef = 8F8606261659CC690025A56A /* ilovelamp_fullpic_artwork.png */; };
		8FC4DFDB197BCF2800E94968 /* NotificationCenter.framework in Frameworks */ = {isa = PBXBuildFile; fileRef = 8FC4DFDA197BCF2800E94968 /* NotificationCenter.framework */; };
		8FC4DFE1197BCF2800E94968 /* TodayViewController.m in Sources */ = {isa = PBXBuildFile; fileRef = 8FC4DFE0197BCF2800E94968 /* TodayViewController.m */; };
		8FC4DFE3197BCF2800E94968 /* MainInterface.storyboard in Resources */ = {isa = PBXBuildFile; fileRef = 8FC4DFE2197BCF2800E94968 /* MainInterface.storyboard */; };
		8FC4DFE6197BCF2800E94968 /* com.petosoft.Lamp.LampToday.appex in Embed App Extensions */ = {isa = PBXBuildFile; fileRef = 8FC4DFD9197BCF2800E94968 /* com.petosoft.Lamp.LampToday.appex */; };
		8FC4DFED197BDB3700E94968 /* LampService.m in Sources */ = {isa = PBXBuildFile; fileRef = 8F8606201659C8310025A56A /* LampService.m */; };
		8FC4DFEE197BDB3B00E94968 /* JsonServiceBase.m in Sources */ = {isa = PBXBuildFile; fileRef = 8FFD45561674D55500412104 /* JsonServiceBase.m */; };
		8FC4DFEF197BDB4100E94968 /* ServiceBase.m in Sources */ = {isa = PBXBuildFile; fileRef = 8F8603EC1659C6310025A56A /* ServiceBase.m */; };
		8FC4DFF0197BDDB500E94968 /* SBJsonParser.m in Sources */ = {isa = PBXBuildFile; fileRef = 8FD22351178225CA007CF319 /* SBJsonParser.m */; settings = {COMPILER_FLAGS = "-fno-objc-arc"; }; };
		8FC4DFF1197BDDB900E94968 /* SBJsonBase.m in Sources */ = {isa = PBXBuildFile; fileRef = 8FD2234F178225CA007CF319 /* SBJsonBase.m */; settings = {COMPILER_FLAGS = "-fno-objc-arc"; }; };
		8FD22354178225CA007CF319 /* NSObject+SBJSON.m in Sources */ = {isa = PBXBuildFile; fileRef = 8FD22349178225CA007CF319 /* NSObject+SBJSON.m */; settings = {COMPILER_FLAGS = "-fno-objc-arc"; }; };
		8FD22355178225CA007CF319 /* NSString+SBJSON.m in Sources */ = {isa = PBXBuildFile; fileRef = 8FD2234B178225CA007CF319 /* NSString+SBJSON.m */; settings = {COMPILER_FLAGS = "-fno-objc-arc"; }; };
		8FD22356178225CA007CF319 /* SBJSON.m in Sources */ = {isa = PBXBuildFile; fileRef = 8FD2234D178225CA007CF319 /* SBJSON.m */; settings = {COMPILER_FLAGS = "-fno-objc-arc"; }; };
		8FD22357178225CA007CF319 /* SBJsonBase.m in Sources */ = {isa = PBXBuildFile; fileRef = 8FD2234F178225CA007CF319 /* SBJsonBase.m */; settings = {COMPILER_FLAGS = "-fno-objc-arc"; }; };
		8FD22358178225CA007CF319 /* SBJsonParser.m in Sources */ = {isa = PBXBuildFile; fileRef = 8FD22351178225CA007CF319 /* SBJsonParser.m */; settings = {COMPILER_FLAGS = "-fno-objc-arc"; }; };
		8FD22359178225CA007CF319 /* SBJsonWriter.m in Sources */ = {isa = PBXBuildFile; fileRef = 8FD22353178225CA007CF319 /* SBJsonWriter.m */; settings = {COMPILER_FLAGS = "-fno-objc-arc"; }; };
		8FE8800A165C60320023B2FB /* QuartzCore.framework in Frameworks */ = {isa = PBXBuildFile; fileRef = 8FE88009165C60320023B2FB /* QuartzCore.framework */; };
		8FEE00F01675079300437A19 /* UIDevice+Extensions.m in Sources */ = {isa = PBXBuildFile; fileRef = 8FEE00EF1675079300437A19 /* UIDevice+Extensions.m */; };
		8FFD45571674D55500412104 /* JsonServiceBase.m in Sources */ = {isa = PBXBuildFile; fileRef = 8FFD45561674D55500412104 /* JsonServiceBase.m */; };
/* End PBXBuildFile section */

/* Begin PBXContainerItemProxy section */
		8FC4DFE4197BCF2800E94968 /* PBXContainerItemProxy */ = {
			isa = PBXContainerItemProxy;
			containerPortal = 8F8603B31659C5750025A56A /* Project object */;
			proxyType = 1;
			remoteGlobalIDString = 8FC4DFD8197BCF2800E94968;
			remoteInfo = LampToday;
		};
		8FC4DFE7197BCF2800E94968 /* PBXContainerItemProxy */ = {
			isa = PBXContainerItemProxy;
			containerPortal = 8F8603B31659C5750025A56A /* Project object */;
			proxyType = 1;
			remoteGlobalIDString = 8FC4DFD8197BCF2800E94968;
			remoteInfo = LampToday;
		};
/* End PBXContainerItemProxy section */

/* Begin PBXCopyFilesBuildPhase section */
		8FC4DFEC197BCF2800E94968 /* Embed App Extensions */ = {
			isa = PBXCopyFilesBuildPhase;
			buildActionMask = 2147483647;
			dstPath = "";
			dstSubfolderSpec = 13;
			files = (
				8FC4DFE6197BCF2800E94968 /* com.petosoft.Lamp.LampToday.appex in Embed App Extensions */,
			);
			name = "Embed App Extensions";
			runOnlyForDeploymentPostprocessing = 0;
		};
/* End PBXCopyFilesBuildPhase section */

/* Begin PBXFileReference section */
		8F8603BC1659C5750025A56A /* Lamp.app */ = {isa = PBXFileReference; explicitFileType = wrapper.application; includeInIndex = 0; path = Lamp.app; sourceTree = BUILT_PRODUCTS_DIR; };
		8F8603C01659C5750025A56A /* UIKit.framework */ = {isa = PBXFileReference; lastKnownFileType = wrapper.framework; name = UIKit.framework; path = System/Library/Frameworks/UIKit.framework; sourceTree = SDKROOT; };
		8F8603C21659C5750025A56A /* Foundation.framework */ = {isa = PBXFileReference; lastKnownFileType = wrapper.framework; name = Foundation.framework; path = System/Library/Frameworks/Foundation.framework; sourceTree = SDKROOT; };
		8F8603C41659C5750025A56A /* CoreGraphics.framework */ = {isa = PBXFileReference; lastKnownFileType = wrapper.framework; name = CoreGraphics.framework; path = System/Library/Frameworks/CoreGraphics.framework; sourceTree = SDKROOT; };
		8F8603C81659C5750025A56A /* Lamp-Info.plist */ = {isa = PBXFileReference; lastKnownFileType = text.plist.xml; path = "Lamp-Info.plist"; sourceTree = "<group>"; };
		8F8603CA1659C5750025A56A /* en */ = {isa = PBXFileReference; lastKnownFileType = text.plist.strings; name = en; path = en.lproj/InfoPlist.strings; sourceTree = "<group>"; };
		8F8603CC1659C5750025A56A /* main.m */ = {isa = PBXFileReference; lastKnownFileType = sourcecode.c.objc; path = main.m; sourceTree = "<group>"; };
		8F8603CE1659C5750025A56A /* Lamp-Prefix.pch */ = {isa = PBXFileReference; lastKnownFileType = sourcecode.c.h; path = "Lamp-Prefix.pch"; sourceTree = "<group>"; };
		8F8603CF1659C5750025A56A /* AppDelegate.h */ = {isa = PBXFileReference; lastKnownFileType = sourcecode.c.h; path = AppDelegate.h; sourceTree = "<group>"; };
		8F8603D01659C5750025A56A /* AppDelegate.m */ = {isa = PBXFileReference; lastKnownFileType = sourcecode.c.objc; path = AppDelegate.m; sourceTree = "<group>"; };
		8F8603D21659C5750025A56A /* Default.png */ = {isa = PBXFileReference; lastKnownFileType = image.png; path = Default.png; sourceTree = "<group>"; };
		8F8603D41659C5750025A56A /* Default@2x.png */ = {isa = PBXFileReference; lastKnownFileType = image.png; path = "Default@2x.png"; sourceTree = "<group>"; };
		8F8603D61659C5750025A56A /* Default-568h@2x.png */ = {isa = PBXFileReference; lastKnownFileType = image.png; path = "Default-568h@2x.png"; sourceTree = "<group>"; };
		8F8603D81659C5750025A56A /* ViewController.h */ = {isa = PBXFileReference; lastKnownFileType = sourcecode.c.h; path = ViewController.h; sourceTree = "<group>"; };
		8F8603D91659C5750025A56A /* ViewController.m */ = {isa = PBXFileReference; lastKnownFileType = sourcecode.c.objc; path = ViewController.m; sourceTree = "<group>"; };
		8F8603DC1659C5750025A56A /* en */ = {isa = PBXFileReference; lastKnownFileType = file.xib; name = en; path = en.lproj/ViewController_iPhone.xib; sourceTree = "<group>"; };
		8F8603DF1659C5750025A56A /* en */ = {isa = PBXFileReference; lastKnownFileType = file.xib; name = en; path = en.lproj/ViewController_iPad.xib; sourceTree = "<group>"; };
		8F8603EA1659C6310025A56A /* ServiceDelegate.h */ = {isa = PBXFileReference; fileEncoding = 4; lastKnownFileType = sourcecode.c.h; path = ServiceDelegate.h; sourceTree = "<group>"; };
		8F8603EB1659C6310025A56A /* ServiceBase.h */ = {isa = PBXFileReference; fileEncoding = 4; lastKnownFileType = sourcecode.c.h; path = ServiceBase.h; sourceTree = "<group>"; };
		8F8603EC1659C6310025A56A /* ServiceBase.m */ = {isa = PBXFileReference; fileEncoding = 4; lastKnownFileType = sourcecode.c.objc; path = ServiceBase.m; sourceTree = "<group>"; };
		8F8603F21659C6890025A56A /* NSData+Base64.h */ = {isa = PBXFileReference; fileEncoding = 4; lastKnownFileType = sourcecode.c.h; path = "NSData+Base64.h"; sourceTree = "<group>"; };
		8F8603F31659C6890025A56A /* NSData+Base64.m */ = {isa = PBXFileReference; fileEncoding = 4; lastKnownFileType = sourcecode.c.objc; path = "NSData+Base64.m"; sourceTree = "<group>"; };
		8F86061E1659C78F0025A56A /* Constants.h */ = {isa = PBXFileReference; lastKnownFileType = sourcecode.c.h; path = Constants.h; sourceTree = "<group>"; };
		8F86061F1659C8310025A56A /* LampService.h */ = {isa = PBXFileReference; fileEncoding = 4; lastKnownFileType = sourcecode.c.h; path = LampService.h; sourceTree = "<group>"; };
		8F8606201659C8310025A56A /* LampService.m */ = {isa = PBXFileReference; fileEncoding = 4; lastKnownFileType = sourcecode.c.objc; path = LampService.m; sourceTree = "<group>"; };
		8F8606261659CC690025A56A /* ilovelamp_fullpic_artwork.png */ = {isa = PBXFileReference; lastKnownFileType = image.png; path = ilovelamp_fullpic_artwork.png; sourceTree = "<group>"; };
		8FC4DFD9197BCF2800E94968 /* com.petosoft.Lamp.LampToday.appex */ = {isa = PBXFileReference; explicitFileType = "wrapper.app-extension"; includeInIndex = 0; path = com.petosoft.Lamp.LampToday.appex; sourceTree = BUILT_PRODUCTS_DIR; };
		8FC4DFDA197BCF2800E94968 /* NotificationCenter.framework */ = {isa = PBXFileReference; lastKnownFileType = wrapper.framework; name = NotificationCenter.framework; path = System/Library/Frameworks/NotificationCenter.framework; sourceTree = SDKROOT; };
		8FC4DFDE197BCF2800E94968 /* Info.plist */ = {isa = PBXFileReference; lastKnownFileType = text.plist.xml; path = Info.plist; sourceTree = "<group>"; };
		8FC4DFDF197BCF2800E94968 /* TodayViewController.h */ = {isa = PBXFileReference; lastKnownFileType = sourcecode.c.h; path = TodayViewController.h; sourceTree = "<group>"; };
		8FC4DFE0197BCF2800E94968 /* TodayViewController.m */ = {isa = PBXFileReference; lastKnownFileType = sourcecode.c.objc; path = TodayViewController.m; sourceTree = "<group>"; };
		8FC4DFE2197BCF2800E94968 /* MainInterface.storyboard */ = {isa = PBXFileReference; lastKnownFileType = file.storyboard; path = MainInterface.storyboard; sourceTree = "<group>"; };
		8FD22347178225CA007CF319 /* JSON.h */ = {isa = PBXFileReference; fileEncoding = 4; lastKnownFileType = sourcecode.c.h; name = JSON.h; path = "../iOS-Global/Third Party/Facebook With SDK 2/FacebookConnect/src/JSON/JSON.h"; sourceTree = "<group>"; };
		8FD22348178225CA007CF319 /* NSObject+SBJSON.h */ = {isa = PBXFileReference; fileEncoding = 4; lastKnownFileType = sourcecode.c.h; name = "NSObject+SBJSON.h"; path = "../iOS-Global/Third Party/Facebook With SDK 2/FacebookConnect/src/JSON/NSObject+SBJSON.h"; sourceTree = "<group>"; };
		8FD22349178225CA007CF319 /* NSObject+SBJSON.m */ = {isa = PBXFileReference; fileEncoding = 4; lastKnownFileType = sourcecode.c.objc; name = "NSObject+SBJSON.m"; path = "../iOS-Global/Third Party/Facebook With SDK 2/FacebookConnect/src/JSON/NSObject+SBJSON.m"; sourceTree = "<group>"; };
		8FD2234A178225CA007CF319 /* NSString+SBJSON.h */ = {isa = PBXFileReference; fileEncoding = 4; lastKnownFileType = sourcecode.c.h; name = "NSString+SBJSON.h"; path = "../iOS-Global/Third Party/Facebook With SDK 2/FacebookConnect/src/JSON/NSString+SBJSON.h"; sourceTree = "<group>"; };
		8FD2234B178225CA007CF319 /* NSString+SBJSON.m */ = {isa = PBXFileReference; fileEncoding = 4; lastKnownFileType = sourcecode.c.objc; name = "NSString+SBJSON.m"; path = "../iOS-Global/Third Party/Facebook With SDK 2/FacebookConnect/src/JSON/NSString+SBJSON.m"; sourceTree = "<group>"; };
		8FD2234C178225CA007CF319 /* SBJSON.h */ = {isa = PBXFileReference; fileEncoding = 4; lastKnownFileType = sourcecode.c.h; name = SBJSON.h; path = "../iOS-Global/Third Party/Facebook With SDK 2/FacebookConnect/src/JSON/SBJSON.h"; sourceTree = "<group>"; };
		8FD2234D178225CA007CF319 /* SBJSON.m */ = {isa = PBXFileReference; fileEncoding = 4; lastKnownFileType = sourcecode.c.objc; name = SBJSON.m; path = "../iOS-Global/Third Party/Facebook With SDK 2/FacebookConnect/src/JSON/SBJSON.m"; sourceTree = "<group>"; };
		8FD2234E178225CA007CF319 /* SBJsonBase.h */ = {isa = PBXFileReference; fileEncoding = 4; lastKnownFileType = sourcecode.c.h; name = SBJsonBase.h; path = "../iOS-Global/Third Party/Facebook With SDK 2/FacebookConnect/src/JSON/SBJsonBase.h"; sourceTree = "<group>"; };
		8FD2234F178225CA007CF319 /* SBJsonBase.m */ = {isa = PBXFileReference; fileEncoding = 4; lastKnownFileType = sourcecode.c.objc; name = SBJsonBase.m; path = "../iOS-Global/Third Party/Facebook With SDK 2/FacebookConnect/src/JSON/SBJsonBase.m"; sourceTree = "<group>"; };
		8FD22350178225CA007CF319 /* SBJsonParser.h */ = {isa = PBXFileReference; fileEncoding = 4; lastKnownFileType = sourcecode.c.h; name = SBJsonParser.h; path = "../iOS-Global/Third Party/Facebook With SDK 2/FacebookConnect/src/JSON/SBJsonParser.h"; sourceTree = "<group>"; };
		8FD22351178225CA007CF319 /* SBJsonParser.m */ = {isa = PBXFileReference; fileEncoding = 4; lastKnownFileType = sourcecode.c.objc; name = SBJsonParser.m; path = "../iOS-Global/Third Party/Facebook With SDK 2/FacebookConnect/src/JSON/SBJsonParser.m"; sourceTree = "<group>"; };
		8FD22352178225CA007CF319 /* SBJsonWriter.h */ = {isa = PBXFileReference; fileEncoding = 4; lastKnownFileType = sourcecode.c.h; name = SBJsonWriter.h; path = "../iOS-Global/Third Party/Facebook With SDK 2/FacebookConnect/src/JSON/SBJsonWriter.h"; sourceTree = "<group>"; };
		8FD22353178225CA007CF319 /* SBJsonWriter.m */ = {isa = PBXFileReference; fileEncoding = 4; lastKnownFileType = sourcecode.c.objc; name = SBJsonWriter.m; path = "../iOS-Global/Third Party/Facebook With SDK 2/FacebookConnect/src/JSON/SBJsonWriter.m"; sourceTree = "<group>"; };
		8FE88009165C60320023B2FB /* QuartzCore.framework */ = {isa = PBXFileReference; lastKnownFileType = wrapper.framework; name = QuartzCore.framework; path = System/Library/Frameworks/QuartzCore.framework; sourceTree = SDKROOT; };
		8FEE00EE1675078B00437A19 /* UIDevice+Extensions.h */ = {isa = PBXFileReference; fileEncoding = 4; lastKnownFileType = sourcecode.c.h; path = "UIDevice+Extensions.h"; sourceTree = "<group>"; };
		8FEE00EF1675079300437A19 /* UIDevice+Extensions.m */ = {isa = PBXFileReference; fileEncoding = 4; lastKnownFileType = sourcecode.c.objc; path = "UIDevice+Extensions.m"; sourceTree = "<group>"; };
		8FFD45551674D55500412104 /* JsonServiceBase.h */ = {isa = PBXFileReference; fileEncoding = 4; lastKnownFileType = sourcecode.c.h; path = JsonServiceBase.h; sourceTree = "<group>"; };
		8FFD45561674D55500412104 /* JsonServiceBase.m */ = {isa = PBXFileReference; fileEncoding = 4; lastKnownFileType = sourcecode.c.objc; path = JsonServiceBase.m; sourceTree = "<group>"; };
		8FFD45581674D7E200412104 /* Logger.h */ = {isa = PBXFileReference; fileEncoding = 4; lastKnownFileType = sourcecode.c.h; path = Logger.h; sourceTree = "<group>"; };
/* End PBXFileReference section */

/* Begin PBXFrameworksBuildPhase section */
		8F8603B91659C5750025A56A /* Frameworks */ = {
			isa = PBXFrameworksBuildPhase;
			buildActionMask = 2147483647;
			files = (
				8FE8800A165C60320023B2FB /* QuartzCore.framework in Frameworks */,
				8F8603C11659C5750025A56A /* UIKit.framework in Frameworks */,
				8F8603C31659C5750025A56A /* Foundation.framework in Frameworks */,
				8F8603C51659C5750025A56A /* CoreGraphics.framework in Frameworks */,
			);
			runOnlyForDeploymentPostprocessing = 0;
		};
		8FC4DFD6197BCF2800E94968 /* Frameworks */ = {
			isa = PBXFrameworksBuildPhase;
			buildActionMask = 2147483647;
			files = (
				8FC4DFDB197BCF2800E94968 /* NotificationCenter.framework in Frameworks */,
			);
			runOnlyForDeploymentPostprocessing = 0;
		};
/* End PBXFrameworksBuildPhase section */

/* Begin PBXGroup section */
		8F8603B11659C5750025A56A = {
			isa = PBXGroup;
			children = (
				8FD22346178225AA007CF319 /* JSON */,
				8F8606261659CC690025A56A /* ilovelamp_fullpic_artwork.png */,
				8F86061E1659C78F0025A56A /* Constants.h */,
				8F8603F11659C6560025A56A /* Salience */,
				8F8603C61659C5750025A56A /* Lamp */,
				8FC4DFDC197BCF2800E94968 /* LampToday */,
				8F8603BF1659C5750025A56A /* Frameworks */,
				8F8603BD1659C5750025A56A /* Products */,
			);
			sourceTree = "<group>";
		};
		8F8603BD1659C5750025A56A /* Products */ = {
			isa = PBXGroup;
			children = (
				8F8603BC1659C5750025A56A /* Lamp.app */,
				8FC4DFD9197BCF2800E94968 /* com.petosoft.Lamp.LampToday.appex */,
			);
			name = Products;
			sourceTree = "<group>";
		};
		8F8603BF1659C5750025A56A /* Frameworks */ = {
			isa = PBXGroup;
			children = (
				8FE88009165C60320023B2FB /* QuartzCore.framework */,
				8F8603C01659C5750025A56A /* UIKit.framework */,
				8F8603C21659C5750025A56A /* Foundation.framework */,
				8F8603C41659C5750025A56A /* CoreGraphics.framework */,
				8FC4DFDA197BCF2800E94968 /* NotificationCenter.framework */,
			);
			name = Frameworks;
			sourceTree = "<group>";
		};
		8F8603C61659C5750025A56A /* Lamp */ = {
			isa = PBXGroup;
			children = (
				8F8603CF1659C5750025A56A /* AppDelegate.h */,
				8F8603D01659C5750025A56A /* AppDelegate.m */,
				8FFD45551674D55500412104 /* JsonServiceBase.h */,
				8FFD45561674D55500412104 /* JsonServiceBase.m */,
				8F86061F1659C8310025A56A /* LampService.h */,
				8F8606201659C8310025A56A /* LampService.m */,
				8F8603EB1659C6310025A56A /* ServiceBase.h */,
				8F8603EC1659C6310025A56A /* ServiceBase.m */,
				8F8603EA1659C6310025A56A /* ServiceDelegate.h */,
				8F8603C71659C5750025A56A /* Supporting Files */,
				8F8603D81659C5750025A56A /* ViewController.h */,
				8F8603D91659C5750025A56A /* ViewController.m */,
				8F8603DE1659C5750025A56A /* ViewController_iPad.xib */,
				8F8603DB1659C5750025A56A /* ViewController_iPhone.xib */,
			);
			path = Lamp;
			sourceTree = "<group>";
		};
		8F8603C71659C5750025A56A /* Supporting Files */ = {
			isa = PBXGroup;
			children = (
				8F8603C81659C5750025A56A /* Lamp-Info.plist */,
				8F8603C91659C5750025A56A /* InfoPlist.strings */,
				8F8603CC1659C5750025A56A /* main.m */,
				8F8603CE1659C5750025A56A /* Lamp-Prefix.pch */,
				8F8603D21659C5750025A56A /* Default.png */,
				8F8603D41659C5750025A56A /* Default@2x.png */,
				8F8603D61659C5750025A56A /* Default-568h@2x.png */,
			);
			name = "Supporting Files";
			sourceTree = "<group>";
		};
		8F8603F11659C6560025A56A /* Salience */ = {
			isa = PBXGroup;
			children = (
				8FEE00EF1675079300437A19 /* UIDevice+Extensions.m */,
				8FEE00EE1675078B00437A19 /* UIDevice+Extensions.h */,
				8FFD45581674D7E200412104 /* Logger.h */,
				8F8603F21659C6890025A56A /* NSData+Base64.h */,
				8F8603F31659C6890025A56A /* NSData+Base64.m */,
			);
			name = Salience;
			path = ../Salience;
			sourceTree = "<group>";
		};
		8FC4DFDC197BCF2800E94968 /* LampToday */ = {
			isa = PBXGroup;
			children = (
				8FC4DFDF197BCF2800E94968 /* TodayViewController.h */,
				8FC4DFE0197BCF2800E94968 /* TodayViewController.m */,
				8FC4DFE2197BCF2800E94968 /* MainInterface.storyboard */,
				8FC4DFDD197BCF2800E94968 /* Supporting Files */,
			);
			path = LampToday;
			sourceTree = "<group>";
		};
		8FC4DFDD197BCF2800E94968 /* Supporting Files */ = {
			isa = PBXGroup;
			children = (
				8FC4DFDE197BCF2800E94968 /* Info.plist */,
			);
			name = "Supporting Files";
			sourceTree = "<group>";
		};
		8FD22346178225AA007CF319 /* JSON */ = {
			isa = PBXGroup;
			children = (
				8FD22347178225CA007CF319 /* JSON.h */,
				8FD22348178225CA007CF319 /* NSObject+SBJSON.h */,
				8FD22349178225CA007CF319 /* NSObject+SBJSON.m */,
				8FD2234A178225CA007CF319 /* NSString+SBJSON.h */,
				8FD2234B178225CA007CF319 /* NSString+SBJSON.m */,
				8FD2234C178225CA007CF319 /* SBJSON.h */,
				8FD2234D178225CA007CF319 /* SBJSON.m */,
				8FD2234E178225CA007CF319 /* SBJsonBase.h */,
				8FD2234F178225CA007CF319 /* SBJsonBase.m */,
				8FD22350178225CA007CF319 /* SBJsonParser.h */,
				8FD22351178225CA007CF319 /* SBJsonParser.m */,
				8FD22352178225CA007CF319 /* SBJsonWriter.h */,
				8FD22353178225CA007CF319 /* SBJsonWriter.m */,
			);
			name = JSON;
			sourceTree = "<group>";
		};
/* End PBXGroup section */

/* Begin PBXNativeTarget section */
		8F8603BB1659C5750025A56A /* Lamp */ = {
			isa = PBXNativeTarget;
			buildConfigurationList = 8F8603E31659C5750025A56A /* Build configuration list for PBXNativeTarget "Lamp" */;
			buildPhases = (
				8F8603B81659C5750025A56A /* Sources */,
				8F8603B91659C5750025A56A /* Frameworks */,
				8F8603BA1659C5750025A56A /* Resources */,
				8FC4DFEC197BCF2800E94968 /* Embed App Extensions */,
			);
			buildRules = (
			);
			dependencies = (
				8FC4DFE5197BCF2800E94968 /* PBXTargetDependency */,
				8FC4DFE8197BCF2800E94968 /* PBXTargetDependency */,
			);
			name = Lamp;
			productName = Lamp;
			productReference = 8F8603BC1659C5750025A56A /* Lamp.app */;
			productType = "com.apple.product-type.application";
		};
		8FC4DFD8197BCF2800E94968 /* LampToday */ = {
			isa = PBXNativeTarget;
			buildConfigurationList = 8FC4DFEB197BCF2800E94968 /* Build configuration list for PBXNativeTarget "LampToday" */;
			buildPhases = (
				8FC4DFD5197BCF2800E94968 /* Sources */,
				8FC4DFD6197BCF2800E94968 /* Frameworks */,
				8FC4DFD7197BCF2800E94968 /* Resources */,
			);
			buildRules = (
			);
			dependencies = (
			);
			name = LampToday;
			productName = LampToday;
			productReference = 8FC4DFD9197BCF2800E94968 /* com.petosoft.Lamp.LampToday.appex */;
			productType = "com.apple.product-type.app-extension";
		};
/* End PBXNativeTarget section */

/* Begin PBXProject section */
		8F8603B31659C5750025A56A /* Project object */ = {
			isa = PBXProject;
			attributes = {
				LastUpgradeCheck = 0450;
				ORGANIZATIONNAME = "Carl Peto";
				TargetAttributes = {
					8F8603BB1659C5750025A56A = {
						DevelopmentTeam = SWDC5K54B7;
					};
					8FC4DFD8197BCF2800E94968 = {
						CreatedOnToolsVersion = 6.0;
						DevelopmentTeam = SWDC5K54B7;
					};
				};
			};
			buildConfigurationList = 8F8603B61659C5750025A56A /* Build configuration list for PBXProject "Lamp" */;
			compatibilityVersion = "Xcode 3.2";
			developmentRegion = English;
			hasScannedForEncodings = 0;
			knownRegions = (
				en,
				de,
			);
			mainGroup = 8F8603B11659C5750025A56A;
			productRefGroup = 8F8603BD1659C5750025A56A /* Products */;
			projectDirPath = "";
			projectRoot = "";
			targets = (
				8F8603BB1659C5750025A56A /* Lamp */,
				8FC4DFD8197BCF2800E94968 /* LampToday */,
			);
		};
/* End PBXProject section */

/* Begin PBXResourcesBuildPhase section */
		8F8603BA1659C5750025A56A /* Resources */ = {
			isa = PBXResourcesBuildPhase;
			buildActionMask = 2147483647;
			files = (
				8F8603CB1659C5750025A56A /* InfoPlist.strings in Resources */,
				8F8603D31659C5750025A56A /* Default.png in Resources */,
				8F8603D51659C5750025A56A /* Default@2x.png in Resources */,
				8F8603D71659C5750025A56A /* Default-568h@2x.png in Resources */,
				8F8603DD1659C5750025A56A /* ViewController_iPhone.xib in Resources */,
				8F8603E01659C5750025A56A /* ViewController_iPad.xib in Resources */,
				8F8606271659CC690025A56A /* ilovelamp_fullpic_artwork.png in Resources */,
			);
			runOnlyForDeploymentPostprocessing = 0;
		};
		8FC4DFD7197BCF2800E94968 /* Resources */ = {
			isa = PBXResourcesBuildPhase;
			buildActionMask = 2147483647;
			files = (
				8FC4DFE3197BCF2800E94968 /* MainInterface.storyboard in Resources */,
			);
			runOnlyForDeploymentPostprocessing = 0;
		};
/* End PBXResourcesBuildPhase section */

/* Begin PBXSourcesBuildPhase section */
		8F8603B81659C5750025A56A /* Sources */ = {
			isa = PBXSourcesBuildPhase;
			buildActionMask = 2147483647;
			files = (
				8FD22355178225CA007CF319 /* NSString+SBJSON.m in Sources */,
				8FD22357178225CA007CF319 /* SBJsonBase.m in Sources */,
				8F8603CD1659C5750025A56A /* main.m in Sources */,
				8F8603D11659C5750025A56A /* AppDelegate.m in Sources */,
				8FD22358178225CA007CF319 /* SBJsonParser.m in Sources */,
				8F8603DA1659C5750025A56A /* ViewController.m in Sources */,
				8F8603EF1659C6310025A56A /* ServiceBase.m in Sources */,
				8FD22359178225CA007CF319 /* SBJsonWriter.m in Sources */,
				8FD22354178225CA007CF319 /* NSObject+SBJSON.m in Sources */,
				8F8603F41659C6890025A56A /* NSData+Base64.m in Sources */,
				8F8606211659C8310025A56A /* LampService.m in Sources */,
				8FFD45571674D55500412104 /* JsonServiceBase.m in Sources */,
				8FEE00F01675079300437A19 /* UIDevice+Extensions.m in Sources */,
				8FD22356178225CA007CF319 /* SBJSON.m in Sources */,
			);
			runOnlyForDeploymentPostprocessing = 0;
		};
		8FC4DFD5197BCF2800E94968 /* Sources */ = {
			isa = PBXSourcesBuildPhase;
			buildActionMask = 2147483647;
			files = (
				8FC4DFEF197BDB4100E94968 /* ServiceBase.m in Sources */,
				8FC4DFF1197BDDB900E94968 /* SBJsonBase.m in Sources */,
				8FC4DFE1197BCF2800E94968 /* TodayViewController.m in Sources */,
				8FC4DFED197BDB3700E94968 /* LampService.m in Sources */,
				8FC4DFF0197BDDB500E94968 /* SBJsonParser.m in Sources */,
				8FC4DFEE197BDB3B00E94968 /* JsonServiceBase.m in Sources */,
			);
			runOnlyForDeploymentPostprocessing = 0;
		};
/* End PBXSourcesBuildPhase section */

/* Begin PBXTargetDependency section */
		8FC4DFE5197BCF2800E94968 /* PBXTargetDependency */ = {
			isa = PBXTargetDependency;
			target = 8FC4DFD8197BCF2800E94968 /* LampToday */;
			targetProxy = 8FC4DFE4197BCF2800E94968 /* PBXContainerItemProxy */;
		};
		8FC4DFE8197BCF2800E94968 /* PBXTargetDependency */ = {
			isa = PBXTargetDependency;
			target = 8FC4DFD8197BCF2800E94968 /* LampToday */;
			targetProxy = 8FC4DFE7197BCF2800E94968 /* PBXContainerItemProxy */;
		};
/* End PBXTargetDependency section */

/* Begin PBXVariantGroup section */
		8F8603C91659C5750025A56A /* InfoPlist.strings */ = {
			isa = PBXVariantGroup;
			children = (
				8F8603CA1659C5750025A56A /* en */,
			);
			name = InfoPlist.strings;
			sourceTree = "<group>";
		};
		8F8603DB1659C5750025A56A /* ViewController_iPhone.xib */ = {
			isa = PBXVariantGroup;
			children = (
				8F8603DC1659C5750025A56A /* en */,
			);
			name = ViewController_iPhone.xib;
			sourceTree = "<group>";
		};
		8F8603DE1659C5750025A56A /* ViewController_iPad.xib */ = {
			isa = PBXVariantGroup;
			children = (
				8F8603DF1659C5750025A56A /* en */,
			);
			name = ViewController_iPad.xib;
			sourceTree = "<group>";
		};
/* End PBXVariantGroup section */

/* Begin XCBuildConfiguration section */
		8F8603E11659C5750025A56A /* Debug */ = {
			isa = XCBuildConfiguration;
			buildSettings = {
				ALWAYS_SEARCH_USER_PATHS = NO;
				CLANG_CXX_LANGUAGE_STANDARD = "gnu++0x";
				CLANG_CXX_LIBRARY = "libc++";
				CLANG_ENABLE_OBJC_ARC = YES;
				CLANG_WARN_EMPTY_BODY = YES;
				CLANG_WARN__DUPLICATE_METHOD_MATCH = YES;
				"CODE_SIGN_IDENTITY[sdk=iphoneos*]" = "iPhone Developer";
				COPY_PHASE_STRIP = NO;
				GCC_C_LANGUAGE_STANDARD = gnu99;
				GCC_DYNAMIC_NO_PIC = NO;
				GCC_OPTIMIZATION_LEVEL = 0;
				GCC_PREFIX_HEADER = "Lamp/Lamp-Prefix.pch";
				GCC_PREPROCESSOR_DEFINITIONS = (
					"DEBUG=1",
					"$(inherited)",
				);
				GCC_SYMBOLS_PRIVATE_EXTERN = NO;
				GCC_WARN_ABOUT_RETURN_TYPE = YES;
				GCC_WARN_UNINITIALIZED_AUTOS = YES;
				GCC_WARN_UNUSED_VARIABLE = YES;
				IPHONEOS_DEPLOYMENT_TARGET = 5.0;
				ONLY_ACTIVE_ARCH = YES;
				SDKROOT = iphoneos;
				TARGETED_DEVICE_FAMILY = "1,2";
			};
			name = Debug;
		};
		8F8603E21659C5750025A56A /* Release */ = {
			isa = XCBuildConfiguration;
			buildSettings = {
				ALWAYS_SEARCH_USER_PATHS = NO;
				CLANG_CXX_LANGUAGE_STANDARD = "gnu++0x";
				CLANG_CXX_LIBRARY = "libc++";
				CLANG_ENABLE_OBJC_ARC = YES;
				CLANG_WARN_EMPTY_BODY = YES;
				CLANG_WARN__DUPLICATE_METHOD_MATCH = YES;
				"CODE_SIGN_IDENTITY[sdk=iphoneos*]" = "iPhone Developer";
				COPY_PHASE_STRIP = YES;
				GCC_C_LANGUAGE_STANDARD = gnu99;
				GCC_PREFIX_HEADER = "Lamp/Lamp-Prefix.pch";
				GCC_WARN_ABOUT_RETURN_TYPE = YES;
				GCC_WARN_UNINITIALIZED_AUTOS = YES;
				GCC_WARN_UNUSED_VARIABLE = YES;
				IPHONEOS_DEPLOYMENT_TARGET = 5.0;
				OTHER_CFLAGS = "-DNS_BLOCK_ASSERTIONS=1";
				SDKROOT = iphoneos;
				TARGETED_DEVICE_FAMILY = "1,2";
				VALIDATE_PRODUCT = YES;
			};
			name = Release;
		};
		8F8603E41659C5750025A56A /* Debug */ = {
			isa = XCBuildConfiguration;
			buildSettings = {
				CODE_SIGN_IDENTITY = "iPhone Developer";
				"CODE_SIGN_IDENTITY[sdk=iphoneos*]" = "iPhone Developer";
				FRAMEWORK_SEARCH_PATHS = (
					"$(inherited)",
					"\"$(SRCROOT)/../Salience/ThirdParty/atlassian-jiraconnect-ios-cf0856c5a257/JIRAConnect/JMCClasses/Libraries\"",
				);
				GCC_PRECOMPILE_PREFIX_HEADER = YES;
				INFOPLIST_FILE = "Lamp/Lamp-Info.plist";
				LIBRARY_SEARCH_PATHS = (
					"$(inherited)",
					"\"$(SRCROOT)/../Salience/ThirdParty/FlurryAnalytics\"",
					"\"$(SRCROOT)/../Salience/ThirdParty/FlurryLib\"",
				);
				PRODUCT_NAME = "$(TARGET_NAME)";
				PROVISIONING_PROFILE = "";
				WRAPPER_EXTENSION = app;
			};
			name = Debug;
		};
		8F8603E51659C5750025A56A /* Release */ = {
			isa = XCBuildConfiguration;
			buildSettings = {
				CODE_SIGN_IDENTITY = "iPhone Developer";
				"CODE_SIGN_IDENTITY[sdk=iphoneos*]" = "iPhone Developer";
				FRAMEWORK_SEARCH_PATHS = (
					"$(inherited)",
					"\"$(SRCROOT)/../Salience/ThirdParty/atlassian-jiraconnect-ios-cf0856c5a257/JIRAConnect/JMCClasses/Libraries\"",
				);
				GCC_PRECOMPILE_PREFIX_HEADER = YES;
				INFOPLIST_FILE = "Lamp/Lamp-Info.plist";
				LIBRARY_SEARCH_PATHS = (
					"$(inherited)",
					"\"$(SRCROOT)/../Salience/ThirdParty/FlurryAnalytics\"",
					"\"$(SRCROOT)/../Salience/ThirdParty/FlurryLib\"",
				);
				PRODUCT_NAME = "$(TARGET_NAME)";
				PROVISIONING_PROFILE = "";
				WRAPPER_EXTENSION = app;
			};
			name = Release;
		};
		8FC4DFE9197BCF2800E94968 /* Debug */ = {
			isa = XCBuildConfiguration;
			buildSettings = {
				CLANG_ENABLE_MODULES = YES;
				CLANG_WARN_BOOL_CONVERSION = YES;
				CLANG_WARN_CONSTANT_CONVERSION = YES;
				CLANG_WARN_DIRECT_OBJC_ISA_USAGE = YES_ERROR;
				CLANG_WARN_ENUM_CONVERSION = YES;
				CLANG_WARN_INT_CONVERSION = YES;
				CLANG_WARN_OBJC_ROOT_CLASS = YES_ERROR;
				CLANG_WARN_UNREACHABLE_CODE = YES;
				CODE_SIGN_IDENTITY = "iPhone Developer";
				"CODE_SIGN_IDENTITY[sdk=iphoneos*]" = "iPhone Developer";
				ENABLE_STRICT_OBJC_MSGSEND = YES;
				GCC_PREPROCESSOR_DEFINITIONS = (
					"$(inherited)",
					"SUPPRESS_NETWORK_ACTIVITY_INDICATOR=1",
				);
				GCC_WARN_64_TO_32_BIT_CONVERSION = YES;
				GCC_WARN_ABOUT_RETURN_TYPE = YES_ERROR;
				GCC_WARN_UNDECLARED_SELECTOR = YES;
				GCC_WARN_UNINITIALIZED_AUTOS = YES_AGGRESSIVE;
				GCC_WARN_UNUSED_FUNCTION = YES;
				INFOPLIST_FILE = LampToday/Info.plist;
				IPHONEOS_DEPLOYMENT_TARGET = 8.0;
				LD_RUNPATH_SEARCH_PATHS = "$(inherited) @executable_path/Frameworks @executable_path/../../Frameworks";
				METAL_ENABLE_DEBUG_INFO = YES;
				PRODUCT_NAME = "com.petosoft.Lamp.$(TARGET_NAME:rfc1034identifier)";
				PROVISIONING_PROFILE = "";
				SKIP_INSTALL = YES;
			};
			name = Debug;
		};
		8FC4DFEA197BCF2800E94968 /* Release */ = {
			isa = XCBuildConfiguration;
			buildSettings = {
				CLANG_ENABLE_MODULES = YES;
				CLANG_WARN_BOOL_CONVERSION = YES;
				CLANG_WARN_CONSTANT_CONVERSION = YES;
				CLANG_WARN_DIRECT_OBJC_ISA_USAGE = YES_ERROR;
				CLANG_WARN_ENUM_CONVERSION = YES;
				CLANG_WARN_INT_CONVERSION = YES;
				CLANG_WARN_OBJC_ROOT_CLASS = YES_ERROR;
				CLANG_WARN_UNREACHABLE_CODE = YES;
				CODE_SIGN_IDENTITY = "iPhone Developer";
				"CODE_SIGN_IDENTITY[sdk=iphoneos*]" = "iPhone Developer";
				ENABLE_NS_ASSERTIONS = NO;
				ENABLE_STRICT_OBJC_MSGSEND = YES;
				GCC_PREPROCESSOR_DEFINITIONS = (
					"$(inherited)",
					"SUPPRESS_NETWORK_ACTIVITY_INDICATOR=1",
				);
				GCC_WARN_64_TO_32_BIT_CONVERSION = YES;
				GCC_WARN_ABOUT_RETURN_TYPE = YES_ERROR;
				GCC_WARN_UNDECLARED_SELECTOR = YES;
				GCC_WARN_UNINITIALIZED_AUTOS = YES_AGGRESSIVE;
				GCC_WARN_UNUSED_FUNCTION = YES;
				INFOPLIST_FILE = LampToday/Info.plist;
				IPHONEOS_DEPLOYMENT_TARGET = 8.0;
				LD_RUNPATH_SEARCH_PATHS = "$(inherited) @executable_path/Frameworks @executable_path/../../Frameworks";
				METAL_ENABLE_DEBUG_INFO = NO;
				PRODUCT_NAME = "com.petosoft.Lamp.$(TARGET_NAME:rfc1034identifier)";
				PROVISIONING_PROFILE = "";
				SKIP_INSTALL = YES;
			};
			name = Release;
		};
/* End XCBuildConfiguration section */

/* Begin XCConfigurationList section */
		8F8603B61659C5750025A56A /* Build configuration list for PBXProject "Lamp" */ = {
			isa = XCConfigurationList;
			buildConfigurations = (
				8F8603E11659C5750025A56A /* Debug */,
				8F8603E21659C5750025A56A /* Release */,
			);
			defaultConfigurationIsVisible = 0;
			defaultConfigurationName = Release;
		};
		8F8603E31659C5750025A56A /* Build configuration list for PBXNativeTarget "Lamp" */ = {
			isa = XCConfigurationList;
			buildConfigurations = (
				8F8603E41659C5750025A56A /* Debug */,
				8F8603E51659C5750025A56A /* Release */,
			);
			defaultConfigurationIsVisible = 0;
			defaultConfigurationName = Release;
		};
		8FC4DFEB197BCF2800E94968 /* Build configuration list for PBXNativeTarget "LampToday" */ = {
			isa = XCConfigurationList;
			buildConfigurations = (
				8FC4DFE9197BCF2800E94968 /* Debug */,
				8FC4DFEA197BCF2800E94968 /* Release */,
			);
			defaultConfigurationIsVisible = 0;
			defaultConfigurationName = Release;
		};
/* End XCConfigurationList section */
	};
	rootObject = 8F8603B31659C5750025A56A /* Project object */;
}
